// !$*UTF8*$!
{
	archiveVersion = 1;
	classes = {
	};
	objectVersion = 48;
	objects = {

/* Begin PBXBuildFile section */
		1519A3B5481A50DFA8367093 /* libPods-KoloBoot.a in Frameworks */ = {isa = PBXBuildFile; fileRef = F67867D9676B7DADC8065347 /* libPods-KoloBoot.a */; };
		59E04D97206FFD9E00AB5C2B /* AppDelegate.mm in Sources */ = {isa = PBXBuildFile; fileRef = 59E04D96206FFD9E00AB5C2B /* AppDelegate.mm */; };
		59E04D9A206FFD9E00AB5C2B /* ViewController.mm in Sources */ = {isa = PBXBuildFile; fileRef = 59E04D99206FFD9E00AB5C2B /* ViewController.mm */; };
		59E04D9D206FFD9E00AB5C2B /* Main.storyboard in Resources */ = {isa = PBXBuildFile; fileRef = 59E04D9B206FFD9E00AB5C2B /* Main.storyboard */; };
		59E04D9F206FFD9E00AB5C2B /* Assets.xcassets in Resources */ = {isa = PBXBuildFile; fileRef = 59E04D9E206FFD9E00AB5C2B /* Assets.xcassets */; };
		59E04DA2206FFD9E00AB5C2B /* LaunchScreen.storyboard in Resources */ = {isa = PBXBuildFile; fileRef = 59E04DA0206FFD9E00AB5C2B /* LaunchScreen.storyboard */; };
		59E04DA5206FFD9E00AB5C2B /* main.m in Sources */ = {isa = PBXBuildFile; fileRef = 59E04DA4206FFD9E00AB5C2B /* main.m */; };
		59F51AE120738CF2004AFBE3 /* restclient.cc in Sources */ = {isa = PBXBuildFile; fileRef = 59F51ADD20738CF1004AFBE3 /* restclient.cc */; };
		59F51AE220738CF2004AFBE3 /* helpers.cc in Sources */ = {isa = PBXBuildFile; fileRef = 59F51ADE20738CF1004AFBE3 /* helpers.cc */; };
		59F51AE320738CF2004AFBE3 /* connection.cc in Sources */ = {isa = PBXBuildFile; fileRef = 59F51ADF20738CF1004AFBE3 /* connection.cc */; };
		59F51AE920738CFA004AFBE3 /* jsoncpp.cpp in Sources */ = {isa = PBXBuildFile; fileRef = 59F51AE820738CFA004AFBE3 /* jsoncpp.cpp */; };
		59F51AEF20738E04004AFBE3 /* libcrypto.a in Frameworks */ = {isa = PBXBuildFile; fileRef = 59F51AEB20738E03004AFBE3 /* libcrypto.a */; };
		59F51AF020738E04004AFBE3 /* libnghttp2.a in Frameworks */ = {isa = PBXBuildFile; fileRef = 59F51AEC20738E04004AFBE3 /* libnghttp2.a */; };
		59F51AF120738E04004AFBE3 /* libssl.a in Frameworks */ = {isa = PBXBuildFile; fileRef = 59F51AED20738E04004AFBE3 /* libssl.a */; };
		59F51AF220738E04004AFBE3 /* libcurl.a in Frameworks */ = {isa = PBXBuildFile; fileRef = 59F51AEE20738E04004AFBE3 /* libcurl.a */; };
		59F51AF420738E5B004AFBE3 /* libz.tbd in Frameworks */ = {isa = PBXBuildFile; fileRef = 59F51AF320738E5A004AFBE3 /* libz.tbd */; };
		59F51B0220738F5C004AFBE3 /* helper_oncpp.cc in Sources */ = {isa = PBXBuildFile; fileRef = 59F51B0020738F5B004AFBE3 /* helper_oncpp.cc */; };
		59F51B1A20744FDF004AFBE3 /* helper_onc.c in Sources */ = {isa = PBXBuildFile; fileRef = 59F51B1920744FDF004AFBE3 /* helper_onc.c */; };
		59F51B1C2074565D004AFBE3 /* GoogleService-Info.plist in Resources */ = {isa = PBXBuildFile; fileRef = 59F51B1B2074565D004AFBE3 /* GoogleService-Info.plist */; };
		59F51B2E207470F6004AFBE3 /* WYStoryboardPopoverSegue.m in Sources */ = {isa = PBXBuildFile; fileRef = 59F51B2A207470F6004AFBE3 /* WYStoryboardPopoverSegue.m */; };
		59F51B2F207470F6004AFBE3 /* WYPopoverController.m in Sources */ = {isa = PBXBuildFile; fileRef = 59F51B2D207470F6004AFBE3 /* WYPopoverController.m */; };
		59F51B3420747455004AFBE3 /* CreateProjectController.mm in Sources */ = {isa = PBXBuildFile; fileRef = 59F51B3320747455004AFBE3 /* CreateProjectController.mm */; };
		59F5D104207992D800E961CE /* NSString+CppStr.mm in Sources */ = {isa = PBXBuildFile; fileRef = 59F5D103207992D800E961CE /* NSString+CppStr.mm */; };
		59F5D10C20799B7A00E961CE /* JDStatusBarNotification.m in Sources */ = {isa = PBXBuildFile; fileRef = 59F5D10620799B7A00E961CE /* JDStatusBarNotification.m */; };
		59F5D10D20799B7A00E961CE /* JDStatusBarView.m in Sources */ = {isa = PBXBuildFile; fileRef = 59F5D10820799B7A00E961CE /* JDStatusBarView.m */; };
		59F5D10E20799B7A00E961CE /* JDStatusBarStyle.m in Sources */ = {isa = PBXBuildFile; fileRef = 59F5D10B20799B7A00E961CE /* JDStatusBarStyle.m */; };
		59F5D11920799B8800E961CE /* TWMessageBarManager.m in Sources */ = {isa = PBXBuildFile; fileRef = 59F5D11020799B8800E961CE /* TWMessageBarManager.m */; };
		59F5D11A20799B8800E961CE /* icon-info@2x.png in Resources */ = {isa = PBXBuildFile; fileRef = 59F5D11220799B8800E961CE /* icon-info@2x.png */; };
		59F5D11B20799B8800E961CE /* icon-error.png in Resources */ = {isa = PBXBuildFile; fileRef = 59F5D11320799B8800E961CE /* icon-error.png */; };
		59F5D11C20799B8800E961CE /* icon-info.png in Resources */ = {isa = PBXBuildFile; fileRef = 59F5D11420799B8800E961CE /* icon-info.png */; };
		59F5D11D20799B8800E961CE /* icon-success@2x.png in Resources */ = {isa = PBXBuildFile; fileRef = 59F5D11520799B8800E961CE /* icon-success@2x.png */; };
		59F5D11E20799B8800E961CE /* icon-error@2x.png in Resources */ = {isa = PBXBuildFile; fileRef = 59F5D11620799B8800E961CE /* icon-error@2x.png */; };
		59F5D11F20799B8800E961CE /* icon-success.png in Resources */ = {isa = PBXBuildFile; fileRef = 59F5D11720799B8800E961CE /* icon-success.png */; };
		59F5D1222079E1FE00E961CE /* ProgressView.m in Sources */ = {isa = PBXBuildFile; fileRef = 59F5D1212079E1FE00E961CE /* ProgressView.m */; };
		59F5D127207A046800E961CE /* PathController.mm in Sources */ = {isa = PBXBuildFile; fileRef = 59F5D126207A046800E961CE /* PathController.mm */; };
		59F5D12B207A386200E961CE /* MobileCoreServices.framework in Frameworks */ = {isa = PBXBuildFile; fileRef = 59F5D12A207A386200E961CE /* MobileCoreServices.framework */; };
		59F5D13B207ABE1B00E961CE /* Exception.cpp in Sources */ = {isa = PBXBuildFile; fileRef = 59F5D139207ABE1B00E961CE /* Exception.cpp */; };
		59F5D141207AD96500E961CE /* Statement.cpp in Sources */ = {isa = PBXBuildFile; fileRef = 59F5D13F207AD96500E961CE /* Statement.cpp */; };
		59F5D144207B09C600E961CE /* Column.cpp in Sources */ = {isa = PBXBuildFile; fileRef = 59F5D142207B09C600E961CE /* Column.cpp */; };
		59F5D14A207B1EAC00E961CE /* Database.cpp in Sources */ = {isa = PBXBuildFile; fileRef = 59F5D148207B1EAC00E961CE /* Database.cpp */; };
		59F5D14C207B546500E961CE /* libsqlite3.0.tbd in Frameworks */ = {isa = PBXBuildFile; fileRef = 59F5D14B207B546400E961CE /* libsqlite3.0.tbd */; };
		59F5D14F207B555C00E961CE /* Transaction.cpp in Sources */ = {isa = PBXBuildFile; fileRef = 59F5D14D207B555C00E961CE /* Transaction.cpp */; };
		59F5D155207B85F500E961CE /* Backup.cpp in Sources */ = {isa = PBXBuildFile; fileRef = 59F5D153207B85F500E961CE /* Backup.cpp */; };
		59F5D15B207BC51300E961CE /* DBManager.cpp in Sources */ = {isa = PBXBuildFile; fileRef = 59F5D159207BC51300E961CE /* DBManager.cpp */; };
		59F5D15F207C37E300E961CE /* BaseModel.cpp in Sources */ = {isa = PBXBuildFile; fileRef = 59F5D15D207C37E300E961CE /* BaseModel.cpp */; };
		59F5D162207C3A7400E961CE /* Project.cpp in Sources */ = {isa = PBXBuildFile; fileRef = 59F5D160207C3A7400E961CE /* Project.cpp */; };
		59F5D168207C56A100E961CE /* rest.sqlite in Resources */ = {isa = PBXBuildFile; fileRef = 59F5D167207C56A100E961CE /* rest.sqlite */; };
		59F5D16E207C6D0500E961CE /* Path.cpp in Sources */ = {isa = PBXBuildFile; fileRef = 59F5D16C207C6D0500E961CE /* Path.cpp */; };
/* End PBXBuildFile section */

/* Begin PBXFileReference section */
		23FBFE2418DFF8B808F21824 /* Pods-KoloBoot.debug.xcconfig */ = {isa = PBXFileReference; includeInIndex = 1; lastKnownFileType = text.xcconfig; name = "Pods-KoloBoot.debug.xcconfig"; path = "Pods/Target Support Files/Pods-KoloBoot/Pods-KoloBoot.debug.xcconfig"; sourceTree = "<group>"; };
		43BA6EFDC29602E0D81183BA /* Pods-KoloBoot.release.xcconfig */ = {isa = PBXFileReference; includeInIndex = 1; lastKnownFileType = text.xcconfig; name = "Pods-KoloBoot.release.xcconfig"; path = "Pods/Target Support Files/Pods-KoloBoot/Pods-KoloBoot.release.xcconfig"; sourceTree = "<group>"; };
		59E04D92206FFD9E00AB5C2B /* KoloBoot.app */ = {isa = PBXFileReference; explicitFileType = wrapper.application; includeInIndex = 0; path = KoloBoot.app; sourceTree = BUILT_PRODUCTS_DIR; };
		59E04D95206FFD9E00AB5C2B /* AppDelegate.h */ = {isa = PBXFileReference; lastKnownFileType = sourcecode.c.h; path = AppDelegate.h; sourceTree = "<group>"; };
		59E04D96206FFD9E00AB5C2B /* AppDelegate.mm */ = {isa = PBXFileReference; lastKnownFileType = sourcecode.cpp.objcpp; path = AppDelegate.mm; sourceTree = "<group>"; };
		59E04D98206FFD9E00AB5C2B /* ViewController.h */ = {isa = PBXFileReference; lastKnownFileType = sourcecode.c.h; path = ViewController.h; sourceTree = "<group>"; };
		59E04D99206FFD9E00AB5C2B /* ViewController.mm */ = {isa = PBXFileReference; lastKnownFileType = sourcecode.cpp.objcpp; path = ViewController.mm; sourceTree = "<group>"; };
		59E04D9C206FFD9E00AB5C2B /* Base */ = {isa = PBXFileReference; lastKnownFileType = file.storyboard; name = Base; path = Base.lproj/Main.storyboard; sourceTree = "<group>"; };
		59E04D9E206FFD9E00AB5C2B /* Assets.xcassets */ = {isa = PBXFileReference; lastKnownFileType = folder.assetcatalog; path = Assets.xcassets; sourceTree = "<group>"; };
		59E04DA1206FFD9E00AB5C2B /* Base */ = {isa = PBXFileReference; lastKnownFileType = file.storyboard; name = Base; path = Base.lproj/LaunchScreen.storyboard; sourceTree = "<group>"; };
		59E04DA3206FFD9E00AB5C2B /* Info.plist */ = {isa = PBXFileReference; lastKnownFileType = text.plist.xml; path = Info.plist; sourceTree = "<group>"; };
		59E04DA4206FFD9E00AB5C2B /* main.m */ = {isa = PBXFileReference; lastKnownFileType = sourcecode.c.objc; path = main.m; sourceTree = "<group>"; };
		59F51ADA20738CF1004AFBE3 /* connection.h */ = {isa = PBXFileReference; fileEncoding = 4; lastKnownFileType = sourcecode.c.h; path = connection.h; sourceTree = "<group>"; };
		59F51ADB20738CF1004AFBE3 /* restclient.h */ = {isa = PBXFileReference; fileEncoding = 4; lastKnownFileType = sourcecode.c.h; path = restclient.h; sourceTree = "<group>"; };
		59F51ADC20738CF1004AFBE3 /* version.h */ = {isa = PBXFileReference; fileEncoding = 4; lastKnownFileType = sourcecode.c.h; path = version.h; sourceTree = "<group>"; };
		59F51ADD20738CF1004AFBE3 /* restclient.cc */ = {isa = PBXFileReference; fileEncoding = 4; lastKnownFileType = sourcecode.cpp.cpp; path = restclient.cc; sourceTree = "<group>"; };
		59F51ADE20738CF1004AFBE3 /* helpers.cc */ = {isa = PBXFileReference; fileEncoding = 4; lastKnownFileType = sourcecode.cpp.cpp; path = helpers.cc; sourceTree = "<group>"; };
		59F51ADF20738CF1004AFBE3 /* connection.cc */ = {isa = PBXFileReference; fileEncoding = 4; lastKnownFileType = sourcecode.cpp.cpp; path = connection.cc; sourceTree = "<group>"; };
		59F51AE020738CF1004AFBE3 /* helpers.h */ = {isa = PBXFileReference; fileEncoding = 4; lastKnownFileType = sourcecode.c.h; path = helpers.h; sourceTree = "<group>"; };
		59F51AE620738CFA004AFBE3 /* json-forwards.h */ = {isa = PBXFileReference; fileEncoding = 4; lastKnownFileType = sourcecode.c.h; path = "json-forwards.h"; sourceTree = "<group>"; };
		59F51AE720738CFA004AFBE3 /* json.h */ = {isa = PBXFileReference; fileEncoding = 4; lastKnownFileType = sourcecode.c.h; path = json.h; sourceTree = "<group>"; };
		59F51AE820738CFA004AFBE3 /* jsoncpp.cpp */ = {isa = PBXFileReference; fileEncoding = 4; lastKnownFileType = sourcecode.cpp.cpp; path = jsoncpp.cpp; sourceTree = "<group>"; };
		59F51AEB20738E03004AFBE3 /* libcrypto.a */ = {isa = PBXFileReference; lastKnownFileType = archive.ar; name = libcrypto.a; path = libs/libcrypto.a; sourceTree = SOURCE_ROOT; };
		59F51AEC20738E04004AFBE3 /* libnghttp2.a */ = {isa = PBXFileReference; lastKnownFileType = archive.ar; name = libnghttp2.a; path = libs/libnghttp2.a; sourceTree = SOURCE_ROOT; };
		59F51AED20738E04004AFBE3 /* libssl.a */ = {isa = PBXFileReference; lastKnownFileType = archive.ar; name = libssl.a; path = libs/libssl.a; sourceTree = SOURCE_ROOT; };
		59F51AEE20738E04004AFBE3 /* libcurl.a */ = {isa = PBXFileReference; lastKnownFileType = archive.ar; name = libcurl.a; path = libs/libcurl.a; sourceTree = SOURCE_ROOT; };
		59F51AF320738E5A004AFBE3 /* libz.tbd */ = {isa = PBXFileReference; lastKnownFileType = "sourcecode.text-based-dylib-definition"; name = libz.tbd; path = usr/lib/libz.tbd; sourceTree = SDKROOT; };
		59F51B0020738F5B004AFBE3 /* helper_oncpp.cc */ = {isa = PBXFileReference; fileEncoding = 4; lastKnownFileType = sourcecode.cpp.cpp; path = helper_oncpp.cc; sourceTree = "<group>"; };
		59F51B0120738F5B004AFBE3 /* helper_oncpp.h */ = {isa = PBXFileReference; fileEncoding = 4; lastKnownFileType = sourcecode.c.h; path = helper_oncpp.h; sourceTree = "<group>"; };
		59F51B1820744FDF004AFBE3 /* helper_onc.h */ = {isa = PBXFileReference; lastKnownFileType = sourcecode.c.h; path = helper_onc.h; sourceTree = "<group>"; };
		59F51B1920744FDF004AFBE3 /* helper_onc.c */ = {isa = PBXFileReference; lastKnownFileType = sourcecode.c.c; path = helper_onc.c; sourceTree = "<group>"; };
		59F51B1B2074565D004AFBE3 /* GoogleService-Info.plist */ = {isa = PBXFileReference; fileEncoding = 4; lastKnownFileType = text.plist.xml; path = "GoogleService-Info.plist"; sourceTree = "<group>"; };
		59F51B2A207470F6004AFBE3 /* WYStoryboardPopoverSegue.m */ = {isa = PBXFileReference; fileEncoding = 4; lastKnownFileType = sourcecode.c.objc; path = WYStoryboardPopoverSegue.m; sourceTree = "<group>"; };
		59F51B2B207470F6004AFBE3 /* WYPopoverController.h */ = {isa = PBXFileReference; fileEncoding = 4; lastKnownFileType = sourcecode.c.h; path = WYPopoverController.h; sourceTree = "<group>"; };
		59F51B2C207470F6004AFBE3 /* WYStoryboardPopoverSegue.h */ = {isa = PBXFileReference; fileEncoding = 4; lastKnownFileType = sourcecode.c.h; path = WYStoryboardPopoverSegue.h; sourceTree = "<group>"; };
		59F51B2D207470F6004AFBE3 /* WYPopoverController.m */ = {isa = PBXFileReference; fileEncoding = 4; lastKnownFileType = sourcecode.c.objc; path = WYPopoverController.m; sourceTree = "<group>"; };
		59F51B3220747455004AFBE3 /* CreateProjectController.h */ = {isa = PBXFileReference; lastKnownFileType = sourcecode.c.h; path = CreateProjectController.h; sourceTree = "<group>"; };
		59F51B3320747455004AFBE3 /* CreateProjectController.mm */ = {isa = PBXFileReference; lastKnownFileType = sourcecode.cpp.objcpp; path = CreateProjectController.mm; sourceTree = "<group>"; };
		59F5D102207992D800E961CE /* NSString+CppStr.h */ = {isa = PBXFileReference; lastKnownFileType = sourcecode.c.h; path = "NSString+CppStr.h"; sourceTree = "<group>"; };
		59F5D103207992D800E961CE /* NSString+CppStr.mm */ = {isa = PBXFileReference; lastKnownFileType = sourcecode.cpp.objcpp; path = "NSString+CppStr.mm"; sourceTree = "<group>"; };
		59F5D10620799B7A00E961CE /* JDStatusBarNotification.m */ = {isa = PBXFileReference; fileEncoding = 4; lastKnownFileType = sourcecode.c.objc; path = JDStatusBarNotification.m; sourceTree = "<group>"; };
		59F5D10720799B7A00E961CE /* JDStatusBarStyle.h */ = {isa = PBXFileReference; fileEncoding = 4; lastKnownFileType = sourcecode.c.h; path = JDStatusBarStyle.h; sourceTree = "<group>"; };
		59F5D10820799B7A00E961CE /* JDStatusBarView.m */ = {isa = PBXFileReference; fileEncoding = 4; lastKnownFileType = sourcecode.c.objc; path = JDStatusBarView.m; sourceTree = "<group>"; };
		59F5D10920799B7A00E961CE /* JDStatusBarNotification.h */ = {isa = PBXFileReference; fileEncoding = 4; lastKnownFileType = sourcecode.c.h; path = JDStatusBarNotification.h; sourceTree = "<group>"; };
		59F5D10A20799B7A00E961CE /* JDStatusBarView.h */ = {isa = PBXFileReference; fileEncoding = 4; lastKnownFileType = sourcecode.c.h; path = JDStatusBarView.h; sourceTree = "<group>"; };
		59F5D10B20799B7A00E961CE /* JDStatusBarStyle.m */ = {isa = PBXFileReference; fileEncoding = 4; lastKnownFileType = sourcecode.c.objc; path = JDStatusBarStyle.m; sourceTree = "<group>"; };
		59F5D11020799B8800E961CE /* TWMessageBarManager.m */ = {isa = PBXFileReference; fileEncoding = 4; lastKnownFileType = sourcecode.c.objc; path = TWMessageBarManager.m; sourceTree = "<group>"; };
		59F5D11220799B8800E961CE /* icon-info@2x.png */ = {isa = PBXFileReference; lastKnownFileType = image.png; path = "icon-info@2x.png"; sourceTree = "<group>"; };
		59F5D11320799B8800E961CE /* icon-error.png */ = {isa = PBXFileReference; lastKnownFileType = image.png; path = "icon-error.png"; sourceTree = "<group>"; };
		59F5D11420799B8800E961CE /* icon-info.png */ = {isa = PBXFileReference; lastKnownFileType = image.png; path = "icon-info.png"; sourceTree = "<group>"; };
		59F5D11520799B8800E961CE /* icon-success@2x.png */ = {isa = PBXFileReference; lastKnownFileType = image.png; path = "icon-success@2x.png"; sourceTree = "<group>"; };
		59F5D11620799B8800E961CE /* icon-error@2x.png */ = {isa = PBXFileReference; lastKnownFileType = image.png; path = "icon-error@2x.png"; sourceTree = "<group>"; };
		59F5D11720799B8800E961CE /* icon-success.png */ = {isa = PBXFileReference; lastKnownFileType = image.png; path = "icon-success.png"; sourceTree = "<group>"; };
		59F5D11820799B8800E961CE /* TWMessageBarManager.h */ = {isa = PBXFileReference; fileEncoding = 4; lastKnownFileType = sourcecode.c.h; path = TWMessageBarManager.h; sourceTree = "<group>"; };
		59F5D1202079E1FE00E961CE /* ProgressView.h */ = {isa = PBXFileReference; fileEncoding = 4; lastKnownFileType = sourcecode.c.h; path = ProgressView.h; sourceTree = "<group>"; };
		59F5D1212079E1FE00E961CE /* ProgressView.m */ = {isa = PBXFileReference; fileEncoding = 4; lastKnownFileType = sourcecode.c.objc; path = ProgressView.m; sourceTree = "<group>"; };
		59F5D125207A046800E961CE /* PathController.h */ = {isa = PBXFileReference; lastKnownFileType = sourcecode.c.h; path = PathController.h; sourceTree = "<group>"; };
		59F5D126207A046800E961CE /* PathController.mm */ = {isa = PBXFileReference; lastKnownFileType = sourcecode.cpp.objcpp; path = PathController.mm; sourceTree = "<group>"; };
		59F5D12A207A386200E961CE /* MobileCoreServices.framework */ = {isa = PBXFileReference; lastKnownFileType = wrapper.framework; name = MobileCoreServices.framework; path = System/Library/Frameworks/MobileCoreServices.framework; sourceTree = SDKROOT; };
		59F5D139207ABE1B00E961CE /* Exception.cpp */ = {isa = PBXFileReference; lastKnownFileType = sourcecode.cpp.cpp; path = Exception.cpp; sourceTree = "<group>"; };
		59F5D13A207ABE1B00E961CE /* Exception.h */ = {isa = PBXFileReference; lastKnownFileType = sourcecode.c.h; path = Exception.h; sourceTree = "<group>"; };
		59F5D13D207ACC3300E961CE /* Assertion.h */ = {isa = PBXFileReference; lastKnownFileType = sourcecode.c.h; path = Assertion.h; sourceTree = "<group>"; };
		59F5D13F207AD96500E961CE /* Statement.cpp */ = {isa = PBXFileReference; lastKnownFileType = sourcecode.cpp.cpp; path = Statement.cpp; sourceTree = "<group>"; };
		59F5D140207AD96500E961CE /* Statement.h */ = {isa = PBXFileReference; lastKnownFileType = sourcecode.c.h; path = Statement.h; sourceTree = "<group>"; };
		59F5D142207B09C600E961CE /* Column.cpp */ = {isa = PBXFileReference; lastKnownFileType = sourcecode.cpp.cpp; path = Column.cpp; sourceTree = "<group>"; };
		59F5D143207B09C600E961CE /* Column.h */ = {isa = PBXFileReference; lastKnownFileType = sourcecode.c.h; path = Column.h; sourceTree = "<group>"; };
		59F5D146207B1CF100E961CE /* Utils.h */ = {isa = PBXFileReference; lastKnownFileType = sourcecode.c.h; path = Utils.h; sourceTree = "<group>"; };
		59F5D148207B1EAC00E961CE /* Database.cpp */ = {isa = PBXFileReference; lastKnownFileType = sourcecode.cpp.cpp; path = Database.cpp; sourceTree = "<group>"; };
		59F5D149207B1EAC00E961CE /* Database.h */ = {isa = PBXFileReference; lastKnownFileType = sourcecode.c.h; path = Database.h; sourceTree = "<group>"; };
		59F5D14B207B546400E961CE /* libsqlite3.0.tbd */ = {isa = PBXFileReference; lastKnownFileType = "sourcecode.text-based-dylib-definition"; name = libsqlite3.0.tbd; path = usr/lib/libsqlite3.0.tbd; sourceTree = SDKROOT; };
		59F5D14D207B555C00E961CE /* Transaction.cpp */ = {isa = PBXFileReference; lastKnownFileType = sourcecode.cpp.cpp; path = Transaction.cpp; sourceTree = "<group>"; };
		59F5D14E207B555C00E961CE /* Transaction.h */ = {isa = PBXFileReference; lastKnownFileType = sourcecode.c.h; path = Transaction.h; sourceTree = "<group>"; };
		59F5D151207B6DE000E961CE /* VariadicBind.h */ = {isa = PBXFileReference; lastKnownFileType = sourcecode.c.h; path = VariadicBind.h; sourceTree = "<group>"; };
		59F5D153207B85F500E961CE /* Backup.cpp */ = {isa = PBXFileReference; lastKnownFileType = sourcecode.cpp.cpp; path = Backup.cpp; sourceTree = "<group>"; };
		59F5D154207B85F500E961CE /* Backup.h */ = {isa = PBXFileReference; lastKnownFileType = sourcecode.c.h; path = Backup.h; sourceTree = "<group>"; };
		59F5D157207B87F300E961CE /* SQLiteCpp.h */ = {isa = PBXFileReference; lastKnownFileType = sourcecode.c.h; path = SQLiteCpp.h; sourceTree = "<group>"; };
		59F5D159207BC51300E961CE /* DBManager.cpp */ = {isa = PBXFileReference; lastKnownFileType = sourcecode.cpp.cpp; path = DBManager.cpp; sourceTree = "<group>"; };
		59F5D15A207BC51300E961CE /* DBManager.hpp */ = {isa = PBXFileReference; lastKnownFileType = sourcecode.cpp.h; path = DBManager.hpp; sourceTree = "<group>"; };
		59F5D15D207C37E300E961CE /* BaseModel.cpp */ = {isa = PBXFileReference; lastKnownFileType = sourcecode.cpp.cpp; path = BaseModel.cpp; sourceTree = "<group>"; };
		59F5D15E207C37E300E961CE /* BaseModel.hpp */ = {isa = PBXFileReference; lastKnownFileType = sourcecode.cpp.h; path = BaseModel.hpp; sourceTree = "<group>"; };
		59F5D160207C3A7400E961CE /* Project.cpp */ = {isa = PBXFileReference; lastKnownFileType = sourcecode.cpp.cpp; path = Project.cpp; sourceTree = "<group>"; };
		59F5D161207C3A7400E961CE /* Project.hpp */ = {isa = PBXFileReference; lastKnownFileType = sourcecode.cpp.h; path = Project.hpp; sourceTree = "<group>"; };
		59F5D167207C56A100E961CE /* rest.sqlite */ = {isa = PBXFileReference; lastKnownFileType = file; path = rest.sqlite; sourceTree = "<group>"; };
		59F5D16C207C6D0500E961CE /* Path.cpp */ = {isa = PBXFileReference; lastKnownFileType = sourcecode.cpp.cpp; path = Path.cpp; sourceTree = "<group>"; };
		59F5D16D207C6D0500E961CE /* Path.hpp */ = {isa = PBXFileReference; lastKnownFileType = sourcecode.cpp.h; path = Path.hpp; sourceTree = "<group>"; };
		F67867D9676B7DADC8065347 /* libPods-KoloBoot.a */ = {isa = PBXFileReference; explicitFileType = archive.ar; includeInIndex = 0; path = "libPods-KoloBoot.a"; sourceTree = BUILT_PRODUCTS_DIR; };
/* End PBXFileReference section */

/* Begin PBXFrameworksBuildPhase section */
		59E04D8F206FFD9E00AB5C2B /* Frameworks */ = {
			isa = PBXFrameworksBuildPhase;
			buildActionMask = 2147483647;
			files = (
				59F5D14C207B546500E961CE /* libsqlite3.0.tbd in Frameworks */,
				59F5D12B207A386200E961CE /* MobileCoreServices.framework in Frameworks */,
				59F51AF420738E5B004AFBE3 /* libz.tbd in Frameworks */,
				59F51AEF20738E04004AFBE3 /* libcrypto.a in Frameworks */,
				59F51AF020738E04004AFBE3 /* libnghttp2.a in Frameworks */,
				59F51AF120738E04004AFBE3 /* libssl.a in Frameworks */,
				59F51AF220738E04004AFBE3 /* libcurl.a in Frameworks */,
				1519A3B5481A50DFA8367093 /* libPods-KoloBoot.a in Frameworks */,
			);
			runOnlyForDeploymentPostprocessing = 0;
		};
/* End PBXFrameworksBuildPhase section */

/* Begin PBXGroup section */
		59E04D89206FFD9E00AB5C2B = {
			isa = PBXGroup;
			children = (
				59F51AD4207385E6004AFBE3 /* Frameworks */,
				59E04D94206FFD9E00AB5C2B /* KoloBoot */,
				59E04D93206FFD9E00AB5C2B /* Products */,
				8293D06B07D754DEBC785A84 /* Pods */,
			);
			sourceTree = "<group>";
		};
		59E04D93206FFD9E00AB5C2B /* Products */ = {
			isa = PBXGroup;
			children = (
				59E04D92206FFD9E00AB5C2B /* KoloBoot.app */,
			);
			name = Products;
			sourceTree = "<group>";
		};
		59E04D94206FFD9E00AB5C2B /* KoloBoot */ = {
			isa = PBXGroup;
			children = (
				59F5D15C207C37A200E961CE /* Model */,
				59F51B3020747424004AFBE3 /* Controller */,
				59F51B21207459AA004AFBE3 /* Custom */,
				59F51AFF20738F53004AFBE3 /* Helper */,
				59F51AEA20738CFD004AFBE3 /* Library */,
				59E04D95206FFD9E00AB5C2B /* AppDelegate.h */,
				59E04D96206FFD9E00AB5C2B /* AppDelegate.mm */,
				59E04D9B206FFD9E00AB5C2B /* Main.storyboard */,
				59E04D9E206FFD9E00AB5C2B /* Assets.xcassets */,
				59E04DA0206FFD9E00AB5C2B /* LaunchScreen.storyboard */,
				59E04DA3206FFD9E00AB5C2B /* Info.plist */,
				59F5D167207C56A100E961CE /* rest.sqlite */,
				59F51B1B2074565D004AFBE3 /* GoogleService-Info.plist */,
				59E04DA4206FFD9E00AB5C2B /* main.m */,
			);
			path = KoloBoot;
			sourceTree = "<group>";
		};
		59F51AD4207385E6004AFBE3 /* Frameworks */ = {
			isa = PBXGroup;
			children = (
				59F5D14B207B546400E961CE /* libsqlite3.0.tbd */,
				59F5D12A207A386200E961CE /* MobileCoreServices.framework */,
				59F51AF320738E5A004AFBE3 /* libz.tbd */,
				59F51AEB20738E03004AFBE3 /* libcrypto.a */,
				59F51AEE20738E04004AFBE3 /* libcurl.a */,
				59F51AEC20738E04004AFBE3 /* libnghttp2.a */,
				59F51AED20738E04004AFBE3 /* libssl.a */,
				F67867D9676B7DADC8065347 /* libPods-KoloBoot.a */,
			);
			path = Frameworks;
			sourceTree = "<group>";
		};
		59F51AD920738CF1004AFBE3 /* RestClientCpp */ = {
			isa = PBXGroup;
			children = (
				59F51ADA20738CF1004AFBE3 /* connection.h */,
				59F51ADB20738CF1004AFBE3 /* restclient.h */,
				59F51ADC20738CF1004AFBE3 /* version.h */,
				59F51ADD20738CF1004AFBE3 /* restclient.cc */,
				59F51ADE20738CF1004AFBE3 /* helpers.cc */,
				59F51ADF20738CF1004AFBE3 /* connection.cc */,
				59F51AE020738CF1004AFBE3 /* helpers.h */,
			);
			path = RestClientCpp;
			sourceTree = "<group>";
		};
		59F51AE420738CFA004AFBE3 /* jsoncpp */ = {
			isa = PBXGroup;
			children = (
				59F51AE520738CFA004AFBE3 /* json */,
				59F51AE820738CFA004AFBE3 /* jsoncpp.cpp */,
			);
			path = jsoncpp;
			sourceTree = "<group>";
		};
		59F51AE520738CFA004AFBE3 /* json */ = {
			isa = PBXGroup;
			children = (
				59F51AE620738CFA004AFBE3 /* json-forwards.h */,
				59F51AE720738CFA004AFBE3 /* json.h */,
			);
			path = json;
			sourceTree = "<group>";
		};
		59F51AEA20738CFD004AFBE3 /* Library */ = {
			isa = PBXGroup;
			children = (
				59F5D132207ABD0500E961CE /* SqliteLib */,
				59F5D10F20799B8800E961CE /* TWMessageBarManager */,
				59F5D10520799B7A00E961CE /* JDStatusBarNotification */,
				59F51B29207470F6004AFBE3 /* WYPopoverController */,
				59F51AE420738CFA004AFBE3 /* jsoncpp */,
				59F51AD920738CF1004AFBE3 /* RestClientCpp */,
			);
			path = Library;
			sourceTree = "<group>";
		};
		59F51AFF20738F53004AFBE3 /* Helper */ = {
			isa = PBXGroup;
			children = (
				59F51B0020738F5B004AFBE3 /* helper_oncpp.cc */,
				59F51B0120738F5B004AFBE3 /* helper_oncpp.h */,
				59F51B1820744FDF004AFBE3 /* helper_onc.h */,
				59F51B1920744FDF004AFBE3 /* helper_onc.c */,
				59F5D159207BC51300E961CE /* DBManager.cpp */,
				59F5D15A207BC51300E961CE /* DBManager.hpp */,
			);
			path = Helper;
			sourceTree = "<group>";
		};
		59F51B21207459AA004AFBE3 /* Custom */ = {
			isa = PBXGroup;
			children = (
				59F5D101207992BF00E961CE /* Class */,
				59F51B22207459B4004AFBE3 /* UIView */,
			);
			path = Custom;
			sourceTree = "<group>";
		};
		59F51B22207459B4004AFBE3 /* UIView */ = {
			isa = PBXGroup;
			children = (
				59F5D1202079E1FE00E961CE /* ProgressView.h */,
				59F5D1212079E1FE00E961CE /* ProgressView.m */,
			);
			path = UIView;
			sourceTree = "<group>";
		};
		59F51B29207470F6004AFBE3 /* WYPopoverController */ = {
			isa = PBXGroup;
			children = (
				59F51B2A207470F6004AFBE3 /* WYStoryboardPopoverSegue.m */,
				59F51B2B207470F6004AFBE3 /* WYPopoverController.h */,
				59F51B2C207470F6004AFBE3 /* WYStoryboardPopoverSegue.h */,
				59F51B2D207470F6004AFBE3 /* WYPopoverController.m */,
			);
			path = WYPopoverController;
			sourceTree = "<group>";
		};
		59F51B3020747424004AFBE3 /* Controller */ = {
			isa = PBXGroup;
			children = (
				59F5D124207A044D00E961CE /* Path */,
				59F51B3520747DD4004AFBE3 /* Home */,
				59F51B312074742B004AFBE3 /* Create Project */,
			);
			path = Controller;
			sourceTree = "<group>";
		};
		59F51B312074742B004AFBE3 /* Create Project */ = {
			isa = PBXGroup;
			children = (
				59F51B3220747455004AFBE3 /* CreateProjectController.h */,
				59F51B3320747455004AFBE3 /* CreateProjectController.mm */,
			);
			path = "Create Project";
			sourceTree = "<group>";
		};
		59F51B3520747DD4004AFBE3 /* Home */ = {
			isa = PBXGroup;
			children = (
				59E04D98206FFD9E00AB5C2B /* ViewController.h */,
				59E04D99206FFD9E00AB5C2B /* ViewController.mm */,
			);
			path = Home;
			sourceTree = "<group>";
		};
		59F5D101207992BF00E961CE /* Class */ = {
			isa = PBXGroup;
			children = (
				59F5D102207992D800E961CE /* NSString+CppStr.h */,
				59F5D103207992D800E961CE /* NSString+CppStr.mm */,
			);
			path = Class;
			sourceTree = "<group>";
		};
		59F5D10520799B7A00E961CE /* JDStatusBarNotification */ = {
			isa = PBXGroup;
			children = (
				59F5D10620799B7A00E961CE /* JDStatusBarNotification.m */,
				59F5D10720799B7A00E961CE /* JDStatusBarStyle.h */,
				59F5D10820799B7A00E961CE /* JDStatusBarView.m */,
				59F5D10920799B7A00E961CE /* JDStatusBarNotification.h */,
				59F5D10A20799B7A00E961CE /* JDStatusBarView.h */,
				59F5D10B20799B7A00E961CE /* JDStatusBarStyle.m */,
			);
			path = JDStatusBarNotification;
			sourceTree = "<group>";
		};
		59F5D10F20799B8800E961CE /* TWMessageBarManager */ = {
			isa = PBXGroup;
			children = (
				59F5D11020799B8800E961CE /* TWMessageBarManager.m */,
				59F5D11120799B8800E961CE /* Icons */,
				59F5D11820799B8800E961CE /* TWMessageBarManager.h */,
			);
			path = TWMessageBarManager;
			sourceTree = "<group>";
		};
		59F5D11120799B8800E961CE /* Icons */ = {
			isa = PBXGroup;
			children = (
				59F5D11220799B8800E961CE /* icon-info@2x.png */,
				59F5D11320799B8800E961CE /* icon-error.png */,
				59F5D11420799B8800E961CE /* icon-info.png */,
				59F5D11520799B8800E961CE /* icon-success@2x.png */,
				59F5D11620799B8800E961CE /* icon-error@2x.png */,
				59F5D11720799B8800E961CE /* icon-success.png */,
			);
			path = Icons;
			sourceTree = "<group>";
		};
		59F5D124207A044D00E961CE /* Path */ = {
			isa = PBXGroup;
			children = (
				59F5D125207A046800E961CE /* PathController.h */,
				59F5D126207A046800E961CE /* PathController.mm */,
			);
			path = Path;
			sourceTree = "<group>";
		};
		59F5D132207ABD0500E961CE /* SqliteLib */ = {
			isa = PBXGroup;
			children = (
				59F5D139207ABE1B00E961CE /* Exception.cpp */,
				59F5D13A207ABE1B00E961CE /* Exception.h */,
				59F5D13D207ACC3300E961CE /* Assertion.h */,
				59F5D13F207AD96500E961CE /* Statement.cpp */,
				59F5D140207AD96500E961CE /* Statement.h */,
				59F5D142207B09C600E961CE /* Column.cpp */,
				59F5D143207B09C600E961CE /* Column.h */,
				59F5D146207B1CF100E961CE /* Utils.h */,
				59F5D148207B1EAC00E961CE /* Database.cpp */,
				59F5D149207B1EAC00E961CE /* Database.h */,
				59F5D14D207B555C00E961CE /* Transaction.cpp */,
				59F5D14E207B555C00E961CE /* Transaction.h */,
				59F5D151207B6DE000E961CE /* VariadicBind.h */,
				59F5D153207B85F500E961CE /* Backup.cpp */,
				59F5D154207B85F500E961CE /* Backup.h */,
				59F5D157207B87F300E961CE /* SQLiteCpp.h */,
			);
			path = SqliteLib;
			sourceTree = "<group>";
		};
		59F5D15C207C37A200E961CE /* Model */ = {
			isa = PBXGroup;
			children = (
				59F5D15D207C37E300E961CE /* BaseModel.cpp */,
				59F5D15E207C37E300E961CE /* BaseModel.hpp */,
				59F5D160207C3A7400E961CE /* Project.cpp */,
				59F5D161207C3A7400E961CE /* Project.hpp */,
				59F5D16C207C6D0500E961CE /* Path.cpp */,
				59F5D16D207C6D0500E961CE /* Path.hpp */,
			);
			path = Model;
			sourceTree = "<group>";
		};
		8293D06B07D754DEBC785A84 /* Pods */ = {
			isa = PBXGroup;
			children = (
				23FBFE2418DFF8B808F21824 /* Pods-KoloBoot.debug.xcconfig */,
				43BA6EFDC29602E0D81183BA /* Pods-KoloBoot.release.xcconfig */,
			);
			name = Pods;
			sourceTree = "<group>";
		};
/* End PBXGroup section */

/* Begin PBXNativeTarget section */
		59E04D91206FFD9E00AB5C2B /* KoloBoot */ = {
			isa = PBXNativeTarget;
			buildConfigurationList = 59E04DA8206FFD9E00AB5C2B /* Build configuration list for PBXNativeTarget "KoloBoot" */;
			buildPhases = (
				87EE5CEB881FAEB309536DA3 /* [CP] Check Pods Manifest.lock */,
				59E04D8E206FFD9E00AB5C2B /* Sources */,
				59E04D8F206FFD9E00AB5C2B /* Frameworks */,
				59E04D90206FFD9E00AB5C2B /* Resources */,
				CF8235E8A83A6A680CC982F5 /* [CP] Embed Pods Frameworks */,
				EF3180497F2BC55F8B8B427E /* [CP] Copy Pods Resources */,
			);
			buildRules = (
			);
			dependencies = (
			);
			name = KoloBoot;
			productName = KoloBoot;
			productReference = 59E04D92206FFD9E00AB5C2B /* KoloBoot.app */;
			productType = "com.apple.product-type.application";
		};
/* End PBXNativeTarget section */

/* Begin PBXProject section */
		59E04D8A206FFD9E00AB5C2B /* Project object */ = {
			isa = PBXProject;
			attributes = {
				LastUpgradeCheck = 0920;
				ORGANIZATIONNAME = "Abu Muhammad";
				TargetAttributes = {
					59E04D91206FFD9E00AB5C2B = {
						CreatedOnToolsVersion = 9.2;
						ProvisioningStyle = Automatic;
					};
				};
			};
			buildConfigurationList = 59E04D8D206FFD9E00AB5C2B /* Build configuration list for PBXProject "KoloBoot" */;
			compatibilityVersion = "Xcode 8.0";
			developmentRegion = en;
			hasScannedForEncodings = 0;
			knownRegions = (
				en,
				Base,
			);
			mainGroup = 59E04D89206FFD9E00AB5C2B;
			productRefGroup = 59E04D93206FFD9E00AB5C2B /* Products */;
			projectDirPath = "";
			projectRoot = "";
			targets = (
				59E04D91206FFD9E00AB5C2B /* KoloBoot */,
			);
		};
/* End PBXProject section */

/* Begin PBXResourcesBuildPhase section */
		59E04D90206FFD9E00AB5C2B /* Resources */ = {
			isa = PBXResourcesBuildPhase;
			buildActionMask = 2147483647;
			files = (
				59E04DA2206FFD9E00AB5C2B /* LaunchScreen.storyboard in Resources */,
				59F5D11C20799B8800E961CE /* icon-info.png in Resources */,
				59F5D11E20799B8800E961CE /* icon-error@2x.png in Resources */,
				59E04D9F206FFD9E00AB5C2B /* Assets.xcassets in Resources */,
				59F5D11F20799B8800E961CE /* icon-success.png in Resources */,
				59F51B1C2074565D004AFBE3 /* GoogleService-Info.plist in Resources */,
				59F5D11B20799B8800E961CE /* icon-error.png in Resources */,
				59E04D9D206FFD9E00AB5C2B /* Main.storyboard in Resources */,
				59F5D168207C56A100E961CE /* rest.sqlite in Resources */,
				59F5D11A20799B8800E961CE /* icon-info@2x.png in Resources */,
				59F5D11D20799B8800E961CE /* icon-success@2x.png in Resources */,
			);
			runOnlyForDeploymentPostprocessing = 0;
		};
/* End PBXResourcesBuildPhase section */

/* Begin PBXShellScriptBuildPhase section */
		87EE5CEB881FAEB309536DA3 /* [CP] Check Pods Manifest.lock */ = {
			isa = PBXShellScriptBuildPhase;
			buildActionMask = 2147483647;
			files = (
			);
			inputPaths = (
				"${PODS_PODFILE_DIR_PATH}/Podfile.lock",
				"${PODS_ROOT}/Manifest.lock",
			);
			name = "[CP] Check Pods Manifest.lock";
			outputPaths = (
				"$(DERIVED_FILE_DIR)/Pods-KoloBoot-checkManifestLockResult.txt",
			);
			runOnlyForDeploymentPostprocessing = 0;
			shellPath = /bin/sh;
			shellScript = "diff \"${PODS_PODFILE_DIR_PATH}/Podfile.lock\" \"${PODS_ROOT}/Manifest.lock\" > /dev/null\nif [ $? != 0 ] ; then\n    # print error to STDERR\n    echo \"error: The sandbox is not in sync with the Podfile.lock. Run 'pod install' or update your CocoaPods installation.\" >&2\n    exit 1\nfi\n# This output is used by Xcode 'outputs' to avoid re-running this script phase.\necho \"SUCCESS\" > \"${SCRIPT_OUTPUT_FILE_0}\"\n";
			showEnvVarsInLog = 0;
		};
		CF8235E8A83A6A680CC982F5 /* [CP] Embed Pods Frameworks */ = {
			isa = PBXShellScriptBuildPhase;
			buildActionMask = 2147483647;
			files = (
			);
			inputPaths = (
			);
			name = "[CP] Embed Pods Frameworks";
			outputPaths = (
			);
			runOnlyForDeploymentPostprocessing = 0;
			shellPath = /bin/sh;
			shellScript = "\"${SRCROOT}/Pods/Target Support Files/Pods-KoloBoot/Pods-KoloBoot-frameworks.sh\"\n";
			showEnvVarsInLog = 0;
		};
		EF3180497F2BC55F8B8B427E /* [CP] Copy Pods Resources */ = {
			isa = PBXShellScriptBuildPhase;
			buildActionMask = 2147483647;
			files = (
			);
			inputPaths = (
			);
			name = "[CP] Copy Pods Resources";
			outputPaths = (
			);
			runOnlyForDeploymentPostprocessing = 0;
			shellPath = /bin/sh;
			shellScript = "\"${SRCROOT}/Pods/Target Support Files/Pods-KoloBoot/Pods-KoloBoot-resources.sh\"\n";
			showEnvVarsInLog = 0;
		};
/* End PBXShellScriptBuildPhase section */

/* Begin PBXSourcesBuildPhase section */
		59E04D8E206FFD9E00AB5C2B /* Sources */ = {
			isa = PBXSourcesBuildPhase;
			buildActionMask = 2147483647;
			files = (
				59F51B2E207470F6004AFBE3 /* WYStoryboardPopoverSegue.m in Sources */,
				59F5D13B207ABE1B00E961CE /* Exception.cpp in Sources */,
				59F51B1A20744FDF004AFBE3 /* helper_onc.c in Sources */,
				59F5D141207AD96500E961CE /* Statement.cpp in Sources */,
				59E04D9A206FFD9E00AB5C2B /* ViewController.mm in Sources */,
				59F51B2F207470F6004AFBE3 /* WYPopoverController.m in Sources */,
				59F5D14F207B555C00E961CE /* Transaction.cpp in Sources */,
				59F51AE320738CF2004AFBE3 /* connection.cc in Sources */,
				59F5D144207B09C600E961CE /* Column.cpp in Sources */,
				59F5D1222079E1FE00E961CE /* ProgressView.m in Sources */,
				59F5D10E20799B7A00E961CE /* JDStatusBarStyle.m in Sources */,
				59F5D162207C3A7400E961CE /* Project.cpp in Sources */,
				59E04DA5206FFD9E00AB5C2B /* main.m in Sources */,
				59F51AE220738CF2004AFBE3 /* helpers.cc in Sources */,
				59F51B0220738F5C004AFBE3 /* helper_oncpp.cc in Sources */,
				59F51AE120738CF2004AFBE3 /* restclient.cc in Sources */,
				59F5D10C20799B7A00E961CE /* JDStatusBarNotification.m in Sources */,
				59E04D97206FFD9E00AB5C2B /* AppDelegate.mm in Sources */,
				59F5D104207992D800E961CE /* NSString+CppStr.mm in Sources */,
				59F51AE920738CFA004AFBE3 /* jsoncpp.cpp in Sources */,
				59F5D15B207BC51300E961CE /* DBManager.cpp in Sources */,
				59F5D127207A046800E961CE /* PathController.mm in Sources */,
				59F5D11920799B8800E961CE /* TWMessageBarManager.m in Sources */,
				59F5D10D20799B7A00E961CE /* JDStatusBarView.m in Sources */,
				59F5D16E207C6D0500E961CE /* Path.cpp in Sources */,
				59F5D14A207B1EAC00E961CE /* Database.cpp in Sources */,
				59F5D155207B85F500E961CE /* Backup.cpp in Sources */,
				59F51B3420747455004AFBE3 /* CreateProjectController.mm in Sources */,
				59F5D15F207C37E300E961CE /* BaseModel.cpp in Sources */,
			);
			runOnlyForDeploymentPostprocessing = 0;
		};
/* End PBXSourcesBuildPhase section */

/* Begin PBXVariantGroup section */
		59E04D9B206FFD9E00AB5C2B /* Main.storyboard */ = {
			isa = PBXVariantGroup;
			children = (
				59E04D9C206FFD9E00AB5C2B /* Base */,
			);
			name = Main.storyboard;
			sourceTree = "<group>";
		};
		59E04DA0206FFD9E00AB5C2B /* LaunchScreen.storyboard */ = {
			isa = PBXVariantGroup;
			children = (
				59E04DA1206FFD9E00AB5C2B /* Base */,
			);
			name = LaunchScreen.storyboard;
			sourceTree = "<group>";
		};
/* End PBXVariantGroup section */

/* Begin XCBuildConfiguration section */
		59E04DA6206FFD9E00AB5C2B /* Debug */ = {
			isa = XCBuildConfiguration;
			buildSettings = {
				ALWAYS_SEARCH_USER_PATHS = NO;
				CLANG_ANALYZER_NONNULL = YES;
				CLANG_ANALYZER_NUMBER_OBJECT_CONVERSION = YES_AGGRESSIVE;
				CLANG_CXX_LANGUAGE_STANDARD = "gnu++14";
				CLANG_CXX_LIBRARY = "libc++";
				CLANG_ENABLE_MODULES = YES;
				CLANG_ENABLE_OBJC_ARC = YES;
				CLANG_WARN_BLOCK_CAPTURE_AUTORELEASING = YES;
				CLANG_WARN_BOOL_CONVERSION = YES;
				CLANG_WARN_COMMA = YES;
				CLANG_WARN_CONSTANT_CONVERSION = YES;
				CLANG_WARN_DIRECT_OBJC_ISA_USAGE = YES_ERROR;
				CLANG_WARN_DOCUMENTATION_COMMENTS = YES;
				CLANG_WARN_EMPTY_BODY = YES;
				CLANG_WARN_ENUM_CONVERSION = YES;
				CLANG_WARN_INFINITE_RECURSION = YES;
				CLANG_WARN_INT_CONVERSION = YES;
				CLANG_WARN_NON_LITERAL_NULL_CONVERSION = YES;
				CLANG_WARN_OBJC_LITERAL_CONVERSION = YES;
				CLANG_WARN_OBJC_ROOT_CLASS = YES_ERROR;
				CLANG_WARN_RANGE_LOOP_ANALYSIS = YES;
				CLANG_WARN_STRICT_PROTOTYPES = YES;
				CLANG_WARN_SUSPICIOUS_MOVE = YES;
				CLANG_WARN_UNGUARDED_AVAILABILITY = YES_AGGRESSIVE;
				CLANG_WARN_UNREACHABLE_CODE = YES;
				CLANG_WARN__DUPLICATE_METHOD_MATCH = YES;
				CODE_SIGN_IDENTITY = "iPhone Developer";
				COPY_PHASE_STRIP = NO;
				DEBUG_INFORMATION_FORMAT = dwarf;
				ENABLE_STRICT_OBJC_MSGSEND = YES;
				ENABLE_TESTABILITY = YES;
				GCC_C_LANGUAGE_STANDARD = gnu11;
				GCC_DYNAMIC_NO_PIC = NO;
				GCC_NO_COMMON_BLOCKS = YES;
				GCC_OPTIMIZATION_LEVEL = 0;
				GCC_PREPROCESSOR_DEFINITIONS = (
					"DEBUG=1",
					"$(inherited)",
				);
				GCC_WARN_64_TO_32_BIT_CONVERSION = YES;
				GCC_WARN_ABOUT_RETURN_TYPE = YES_ERROR;
				GCC_WARN_UNDECLARED_SELECTOR = YES;
				GCC_WARN_UNINITIALIZED_AUTOS = YES_AGGRESSIVE;
				GCC_WARN_UNUSED_FUNCTION = YES;
				GCC_WARN_UNUSED_VARIABLE = YES;
				IPHONEOS_DEPLOYMENT_TARGET = 11.2;
				MTL_ENABLE_DEBUG_INFO = YES;
				ONLY_ACTIVE_ARCH = YES;
				SDKROOT = iphoneos;
			};
			name = Debug;
		};
		59E04DA7206FFD9E00AB5C2B /* Release */ = {
			isa = XCBuildConfiguration;
			buildSettings = {
				ALWAYS_SEARCH_USER_PATHS = NO;
				CLANG_ANALYZER_NONNULL = YES;
				CLANG_ANALYZER_NUMBER_OBJECT_CONVERSION = YES_AGGRESSIVE;
				CLANG_CXX_LANGUAGE_STANDARD = "gnu++14";
				CLANG_CXX_LIBRARY = "libc++";
				CLANG_ENABLE_MODULES = YES;
				CLANG_ENABLE_OBJC_ARC = YES;
				CLANG_WARN_BLOCK_CAPTURE_AUTORELEASING = YES;
				CLANG_WARN_BOOL_CONVERSION = YES;
				CLANG_WARN_COMMA = YES;
				CLANG_WARN_CONSTANT_CONVERSION = YES;
				CLANG_WARN_DIRECT_OBJC_ISA_USAGE = YES_ERROR;
				CLANG_WARN_DOCUMENTATION_COMMENTS = YES;
				CLANG_WARN_EMPTY_BODY = YES;
				CLANG_WARN_ENUM_CONVERSION = YES;
				CLANG_WARN_INFINITE_RECURSION = YES;
				CLANG_WARN_INT_CONVERSION = YES;
				CLANG_WARN_NON_LITERAL_NULL_CONVERSION = YES;
				CLANG_WARN_OBJC_LITERAL_CONVERSION = YES;
				CLANG_WARN_OBJC_ROOT_CLASS = YES_ERROR;
				CLANG_WARN_RANGE_LOOP_ANALYSIS = YES;
				CLANG_WARN_STRICT_PROTOTYPES = YES;
				CLANG_WARN_SUSPICIOUS_MOVE = YES;
				CLANG_WARN_UNGUARDED_AVAILABILITY = YES_AGGRESSIVE;
				CLANG_WARN_UNREACHABLE_CODE = YES;
				CLANG_WARN__DUPLICATE_METHOD_MATCH = YES;
				CODE_SIGN_IDENTITY = "iPhone Developer";
				COPY_PHASE_STRIP = NO;
				DEBUG_INFORMATION_FORMAT = "dwarf-with-dsym";
				ENABLE_NS_ASSERTIONS = NO;
				ENABLE_STRICT_OBJC_MSGSEND = YES;
				GCC_C_LANGUAGE_STANDARD = gnu11;
				GCC_NO_COMMON_BLOCKS = YES;
				GCC_WARN_64_TO_32_BIT_CONVERSION = YES;
				GCC_WARN_ABOUT_RETURN_TYPE = YES_ERROR;
				GCC_WARN_UNDECLARED_SELECTOR = YES;
				GCC_WARN_UNINITIALIZED_AUTOS = YES_AGGRESSIVE;
				GCC_WARN_UNUSED_FUNCTION = YES;
				GCC_WARN_UNUSED_VARIABLE = YES;
				IPHONEOS_DEPLOYMENT_TARGET = 11.2;
				MTL_ENABLE_DEBUG_INFO = NO;
				SDKROOT = iphoneos;
				VALIDATE_PRODUCT = YES;
			};
			name = Release;
		};
		59E04DA9206FFD9E00AB5C2B /* Debug */ = {
			isa = XCBuildConfiguration;
			baseConfigurationReference = 23FBFE2418DFF8B808F21824 /* Pods-KoloBoot.debug.xcconfig */;
			buildSettings = {
				ASSETCATALOG_COMPILER_APPICON_NAME = AppIcon;
				CODE_SIGN_STYLE = Automatic;
				DEVELOPMENT_TEAM = 8K7VZ336G5;
				FRAMEWORK_SEARCH_PATHS = (
					"$(inherited)",
					"$(PROJECT_DIR)/Frameworks",
				);
				HEADER_SEARCH_PATHS = (
					"$(inherited)",
					"$(PROJECT_DIR)/include",
				);
				INFOPLIST_FILE = KoloBoot/Info.plist;
				IPHONEOS_DEPLOYMENT_TARGET = 9.3;
				LD_RUNPATH_SEARCH_PATHS = "$(inherited) @executable_path/Frameworks";
				LIBRARY_SEARCH_PATHS = (
					"$(inherited)",
					"$(PROJECT_DIR)/libs",
					"$(PROJECT_DIR)/Frameworks",
				);
				OTHER_LDFLAGS = (
					"$(inherited)",
					"-ObjC",
					"-l\"ChameleonFramework\"",
					"-l\"MBProgressHUD\"",
					"-l\"c++\"",
					"-l\"icucore\"",
					"-l\"sqlite3\"",
					"-l\"z\"",
					"-framework",
					"\"CFNetwork\"",
					"-framework",
					"\"CoreGraphics\"",
					"-framework",
					"\"QuartzCore\"",
					"-framework",
					"\"Security\"",
					"-framework",
					"\"StoreKit\"",
					"-framework",
					"\"SystemConfiguration\"",
					"-framework",
					"\"UIKit\"",
				);
				PRODUCT_BUNDLE_IDENTIFIER = com.oasemedia.kamus;
				PRODUCT_NAME = "$(TARGET_NAME)";
				TARGETED_DEVICE_FAMILY = 1;
			};
			name = Debug;
		};
		59E04DAA206FFD9E00AB5C2B /* Release */ = {
			isa = XCBuildConfiguration;
			baseConfigurationReference = 43BA6EFDC29602E0D81183BA /* Pods-KoloBoot.release.xcconfig */;
			buildSettings = {
				ASSETCATALOG_COMPILER_APPICON_NAME = AppIcon;
				CODE_SIGN_STYLE = Automatic;
				DEVELOPMENT_TEAM = 8K7VZ336G5;
				FRAMEWORK_SEARCH_PATHS = (
					"$(inherited)",
					"$(PROJECT_DIR)/Frameworks",
				);
				HEADER_SEARCH_PATHS = (
					"$(inherited)",
					"$(PROJECT_DIR)/include",
				);
				INFOPLIST_FILE = KoloBoot/Info.plist;
				IPHONEOS_DEPLOYMENT_TARGET = 9.3;
				LD_RUNPATH_SEARCH_PATHS = "$(inherited) @executable_path/Frameworks";
				LIBRARY_SEARCH_PATHS = (
					"$(inherited)",
					"$(PROJECT_DIR)/libs",
					"$(PROJECT_DIR)/Frameworks",
				);
				OTHER_LDFLAGS = (
					"$(inherited)",
					"-ObjC",
					"-l\"ChameleonFramework\"",
					"-l\"MBProgressHUD\"",
					"-l\"c++\"",
					"-l\"icucore\"",
					"-l\"sqlite3\"",
					"-l\"z\"",
					"-framework",
					"\"CFNetwork\"",
					"-framework",
					"\"CoreGraphics\"",
					"-framework",
					"\"QuartzCore\"",
					"-framework",
					"\"Security\"",
					"-framework",
					"\"StoreKit\"",
					"-framework",
					"\"SystemConfiguration\"",
					"-framework",
					"\"UIKit\"",
				);
				PRODUCT_BUNDLE_IDENTIFIER = com.oasemedia.kamus;
				PRODUCT_NAME = "$(TARGET_NAME)";
				TARGETED_DEVICE_FAMILY = 1;
			};
			name = Release;
		};
/* End XCBuildConfiguration section */

/* Begin XCConfigurationList section */
		59E04D8D206FFD9E00AB5C2B /* Build configuration list for PBXProject "KoloBoot" */ = {
			isa = XCConfigurationList;
			buildConfigurations = (
				59E04DA6206FFD9E00AB5C2B /* Debug */,
				59E04DA7206FFD9E00AB5C2B /* Release */,
			);
			defaultConfigurationIsVisible = 0;
			defaultConfigurationName = Release;
		};
		59E04DA8206FFD9E00AB5C2B /* Build configuration list for PBXNativeTarget "KoloBoot" */ = {
			isa = XCConfigurationList;
			buildConfigurations = (
				59E04DA9206FFD9E00AB5C2B /* Debug */,
				59E04DAA206FFD9E00AB5C2B /* Release */,
			);
			defaultConfigurationIsVisible = 0;
			defaultConfigurationName = Release;
		};
/* End XCConfigurationList section */
	};
	rootObject = 59E04D8A206FFD9E00AB5C2B /* Project object */;
}
