// !$*UTF8*$!
{
	archiveVersion = 1;
	classes = {
	};
	objectVersion = 48;
	objects = {

/* Begin PBXBuildFile section */
		1519A3B5481A50DFA8367093 /* libPods-KoloBoot.a in Frameworks */ = {isa = PBXBuildFile; fileRef = F67867D9676B7DADC8065347 /* libPods-KoloBoot.a */; };
		598A6888207DC7FA001F5918 /* ProjectSectionHeaderCell.m in Sources */ = {isa = PBXBuildFile; fileRef = 598A6886207DC7FA001F5918 /* ProjectSectionHeaderCell.m */; };
		598A6889207DC7FA001F5918 /* ProjectSectionHeaderCell.xib in Resources */ = {isa = PBXBuildFile; fileRef = 598A6887207DC7FA001F5918 /* ProjectSectionHeaderCell.xib */; };
		598A688D207DD1F1001F5918 /* PathCell.m in Sources */ = {isa = PBXBuildFile; fileRef = 598A688B207DD1F1001F5918 /* PathCell.m */; };
		598A688E207DD1F1001F5918 /* PathCell.xib in Resources */ = {isa = PBXBuildFile; fileRef = 598A688C207DD1F1001F5918 /* PathCell.xib */; };
		598A6894207E135D001F5918 /* Utils.mm in Sources */ = {isa = PBXBuildFile; fileRef = 598A6893207E135D001F5918 /* Utils.mm */; };
		598A6899207F0AA1001F5918 /* RequestController.mm in Sources */ = {isa = PBXBuildFile; fileRef = 598A6897207F0AA1001F5918 /* RequestController.mm */; };
		598A689A207F0AA1001F5918 /* RequestController.xib in Resources */ = {isa = PBXBuildFile; fileRef = 598A6898207F0AA1001F5918 /* RequestController.xib */; };
		598A689F207F1DFB001F5918 /* PageRequestController.mm in Sources */ = {isa = PBXBuildFile; fileRef = 598A689D207F1DFB001F5918 /* PageRequestController.mm */; };
		598A68A0207F1DFB001F5918 /* PageRequestController.xib in Resources */ = {isa = PBXBuildFile; fileRef = 598A689E207F1DFB001F5918 /* PageRequestController.xib */; };
		598A68AB207F2AA3001F5918 /* TopView.m in Sources */ = {isa = PBXBuildFile; fileRef = 598A68AA207F2AA3001F5918 /* TopView.m */; };
		598A68AD207F2ABC001F5918 /* TopView.xib in Resources */ = {isa = PBXBuildFile; fileRef = 598A68AC207F2ABC001F5918 /* TopView.xib */; };
		598A68B6207F328F001F5918 /* QueryParamView.mm in Sources */ = {isa = PBXBuildFile; fileRef = 598A68B5207F328F001F5918 /* QueryParamView.mm */; };
		598A68B8207F32AA001F5918 /* QueryParamView.xib in Resources */ = {isa = PBXBuildFile; fileRef = 598A68B7207F32AA001F5918 /* QueryParamView.xib */; };
		598A68BB207F3322001F5918 /* HeadersView.mm in Sources */ = {isa = PBXBuildFile; fileRef = 598A68BA207F3322001F5918 /* HeadersView.mm */; };
		598A68BD207F3346001F5918 /* HeadersView.xib in Resources */ = {isa = PBXBuildFile; fileRef = 598A68BC207F3346001F5918 /* HeadersView.xib */; };
		598A68C0207F3389001F5918 /* AuthorizationView.m in Sources */ = {isa = PBXBuildFile; fileRef = 598A68BF207F3389001F5918 /* AuthorizationView.m */; };
		598A68C2207F3397001F5918 /* AuthorizationView.xib in Resources */ = {isa = PBXBuildFile; fileRef = 598A68C1207F3397001F5918 /* AuthorizationView.xib */; };
		598A68C7207F38F0001F5918 /* PageResponseController.mm in Sources */ = {isa = PBXBuildFile; fileRef = 598A68C5207F38F0001F5918 /* PageResponseController.mm */; };
		598A68C8207F38F0001F5918 /* PageResponseController.xib in Resources */ = {isa = PBXBuildFile; fileRef = 598A68C6207F38F0001F5918 /* PageResponseController.xib */; };
		598A68CB207F3C83001F5918 /* BasePageController.mm in Sources */ = {isa = PBXBuildFile; fileRef = 598A68CA207F3C83001F5918 /* BasePageController.mm */; };
		598A68CE207F407D001F5918 /* TopResView.m in Sources */ = {isa = PBXBuildFile; fileRef = 598A68CD207F407D001F5918 /* TopResView.m */; };
		598A68D0207F408A001F5918 /* TopResView.xib in Resources */ = {isa = PBXBuildFile; fileRef = 598A68CF207F408A001F5918 /* TopResView.xib */; };
		598A68D3207F419E001F5918 /* ResponseView.m in Sources */ = {isa = PBXBuildFile; fileRef = 598A68D2207F419E001F5918 /* ResponseView.m */; };
		598A68D5207F41AB001F5918 /* ResponseView.xib in Resources */ = {isa = PBXBuildFile; fileRef = 598A68D4207F41AB001F5918 /* ResponseView.xib */; };
		598A68D8207F41CC001F5918 /* ResponseHeaderView.m in Sources */ = {isa = PBXBuildFile; fileRef = 598A68D7207F41CC001F5918 /* ResponseHeaderView.m */; };
		598A68DA207F41D9001F5918 /* ResponseHeaderView.xib in Resources */ = {isa = PBXBuildFile; fileRef = 598A68D9207F41D9001F5918 /* ResponseHeaderView.xib */; };
		59BA8575207F8F1900F58EBF /* FooterCell.m in Sources */ = {isa = PBXBuildFile; fileRef = 59BA8573207F8F1900F58EBF /* FooterCell.m */; };
		59BA8576207F8F1900F58EBF /* FooterCell.xib in Resources */ = {isa = PBXBuildFile; fileRef = 59BA8574207F8F1900F58EBF /* FooterCell.xib */; };
		59BA857A207F907200F58EBF /* HeaderCell.m in Sources */ = {isa = PBXBuildFile; fileRef = 59BA8578207F907200F58EBF /* HeaderCell.m */; };
		59BA857B207F907200F58EBF /* HeaderCell.xib in Resources */ = {isa = PBXBuildFile; fileRef = 59BA8579207F907200F58EBF /* HeaderCell.xib */; };
		59BA857F207F934200F58EBF /* QueryParamCell.m in Sources */ = {isa = PBXBuildFile; fileRef = 59BA857D207F934200F58EBF /* QueryParamCell.m */; };
		59BA8580207F934200F58EBF /* QueryParamCell.xib in Resources */ = {isa = PBXBuildFile; fileRef = 59BA857E207F934200F58EBF /* QueryParamCell.xib */; };
		59BA859E208018F700F58EBF /* MZFormSheetPresentationViewControllerAnimator.m in Sources */ = {isa = PBXBuildFile; fileRef = 59BA8583208018F700F58EBF /* MZFormSheetPresentationViewControllerAnimator.m */; };
		59BA859F208018F700F58EBF /* MZFormSheetPresentationViewControllerInteractiveAnimator.m in Sources */ = {isa = PBXBuildFile; fileRef = 59BA8586208018F700F58EBF /* MZFormSheetPresentationViewControllerInteractiveAnimator.m */; };
		59BA85A0208018F700F58EBF /* MZFormSheetContentSizingNavigationControllerAnimator.m in Sources */ = {isa = PBXBuildFile; fileRef = 59BA8587208018F700F58EBF /* MZFormSheetContentSizingNavigationControllerAnimator.m */; };
		59BA85A1208018F700F58EBF /* MZMethodSwizzler.m in Sources */ = {isa = PBXBuildFile; fileRef = 59BA858B208018F700F58EBF /* MZMethodSwizzler.m */; };
		59BA85A2208018F700F58EBF /* MZFormSheetPresentationViewController.m in Sources */ = {isa = PBXBuildFile; fileRef = 59BA858C208018F700F58EBF /* MZFormSheetPresentationViewController.m */; };
		59BA85A3208018F700F58EBF /* UIViewController+TargetViewController.m in Sources */ = {isa = PBXBuildFile; fileRef = 59BA858E208018F700F58EBF /* UIViewController+TargetViewController.m */; };
		59BA85A4208018F700F58EBF /* MZFormSheetPresentationController.m in Sources */ = {isa = PBXBuildFile; fileRef = 59BA8591208018F700F58EBF /* MZFormSheetPresentationController.m */; };
		59BA85A5208018F700F58EBF /* MZFormSheetPresentationViewControllerSegue.m in Sources */ = {isa = PBXBuildFile; fileRef = 59BA8592208018F700F58EBF /* MZFormSheetPresentationViewControllerSegue.m */; };
		59BA85A6208018F700F58EBF /* MZTransition.m in Sources */ = {isa = PBXBuildFile; fileRef = 59BA8595208018F700F58EBF /* MZTransition.m */; };
		59BA85A7208018F700F58EBF /* MZBlurEffectAdapter.m in Sources */ = {isa = PBXBuildFile; fileRef = 59BA8596208018F700F58EBF /* MZBlurEffectAdapter.m */; };
		59BA85A8208018F700F58EBF /* MZFormSheetContentSizingNavigationController.m in Sources */ = {isa = PBXBuildFile; fileRef = 59BA8599208018F700F58EBF /* MZFormSheetContentSizingNavigationController.m */; };
		59BA85B020802BF900F58EBF /* InputParamController.mm in Sources */ = {isa = PBXBuildFile; fileRef = 59BA85AF20802BF900F58EBF /* InputParamController.mm */; };
		59BA85B620803FE100F58EBF /* UITextField+Extended.m in Sources */ = {isa = PBXBuildFile; fileRef = 59BA85B520803FE100F58EBF /* UITextField+Extended.m */; };
		59BA85CB20808DCD00F58EBF /* UILabel+Extended.m in Sources */ = {isa = PBXBuildFile; fileRef = 59BA85CA20808DCD00F58EBF /* UILabel+Extended.m */; };
		59BA85EB2080E4A300F58EBF /* IGAutoCompletionToolbar.m in Sources */ = {isa = PBXBuildFile; fileRef = 59BA85E82080E4A200F58EBF /* IGAutoCompletionToolbar.m */; };
		59BA85EC2080E4A300F58EBF /* IGAutoCompletionToolbarLayout.m in Sources */ = {isa = PBXBuildFile; fileRef = 59BA85E92080E4A200F58EBF /* IGAutoCompletionToolbarLayout.m */; };
		59BA85ED2080E4A300F58EBF /* IGAutoCompletionToolbarCell.m in Sources */ = {isa = PBXBuildFile; fileRef = 59BA85EA2080E4A200F58EBF /* IGAutoCompletionToolbarCell.m */; };
		59BA863C2081B67B00F58EBF /* Auth.cpp in Sources */ = {isa = PBXBuildFile; fileRef = 59BA863A2081B67B00F58EBF /* Auth.cpp */; };
		59BA86522082CDAF00F58EBF /* vector_view.cpp in Sources */ = {isa = PBXBuildFile; fileRef = 59BA86502082CDAF00F58EBF /* vector_view.cpp */; };
		59E04D97206FFD9E00AB5C2B /* AppDelegate.mm in Sources */ = {isa = PBXBuildFile; fileRef = 59E04D96206FFD9E00AB5C2B /* AppDelegate.mm */; };
		59E04D9A206FFD9E00AB5C2B /* ViewController.mm in Sources */ = {isa = PBXBuildFile; fileRef = 59E04D99206FFD9E00AB5C2B /* ViewController.mm */; };
		59E04D9D206FFD9E00AB5C2B /* Main.storyboard in Resources */ = {isa = PBXBuildFile; fileRef = 59E04D9B206FFD9E00AB5C2B /* Main.storyboard */; };
		59E04D9F206FFD9E00AB5C2B /* Assets.xcassets in Resources */ = {isa = PBXBuildFile; fileRef = 59E04D9E206FFD9E00AB5C2B /* Assets.xcassets */; };
		59E04DA2206FFD9E00AB5C2B /* LaunchScreen.storyboard in Resources */ = {isa = PBXBuildFile; fileRef = 59E04DA0206FFD9E00AB5C2B /* LaunchScreen.storyboard */; };
		59E04DA5206FFD9E00AB5C2B /* main.m in Sources */ = {isa = PBXBuildFile; fileRef = 59E04DA4206FFD9E00AB5C2B /* main.m */; };
		59F51AE120738CF2004AFBE3 /* restclient.cc in Sources */ = {isa = PBXBuildFile; fileRef = 59F51ADD20738CF1004AFBE3 /* restclient.cc */; };
		59F51AE220738CF2004AFBE3 /* helpers.cc in Sources */ = {isa = PBXBuildFile; fileRef = 59F51ADE20738CF1004AFBE3 /* helpers.cc */; };
		59F51AE320738CF2004AFBE3 /* connection.cc in Sources */ = {isa = PBXBuildFile; fileRef = 59F51ADF20738CF1004AFBE3 /* connection.cc */; };
		59F51AE920738CFA004AFBE3 /* jsoncpp.cpp in Sources */ = {isa = PBXBuildFile; fileRef = 59F51AE820738CFA004AFBE3 /* jsoncpp.cpp */; };
		59F51AEF20738E04004AFBE3 /* libcrypto.a in Frameworks */ = {isa = PBXBuildFile; fileRef = 59F51AEB20738E03004AFBE3 /* libcrypto.a */; };
		59F51AF020738E04004AFBE3 /* libnghttp2.a in Frameworks */ = {isa = PBXBuildFile; fileRef = 59F51AEC20738E04004AFBE3 /* libnghttp2.a */; };
		59F51AF120738E04004AFBE3 /* libssl.a in Frameworks */ = {isa = PBXBuildFile; fileRef = 59F51AED20738E04004AFBE3 /* libssl.a */; };
		59F51AF220738E04004AFBE3 /* libcurl.a in Frameworks */ = {isa = PBXBuildFile; fileRef = 59F51AEE20738E04004AFBE3 /* libcurl.a */; };
		59F51AF420738E5B004AFBE3 /* libz.tbd in Frameworks */ = {isa = PBXBuildFile; fileRef = 59F51AF320738E5A004AFBE3 /* libz.tbd */; };
		59F51B0220738F5C004AFBE3 /* helper_oncpp.cc in Sources */ = {isa = PBXBuildFile; fileRef = 59F51B0020738F5B004AFBE3 /* helper_oncpp.cc */; };
		59F51B1A20744FDF004AFBE3 /* helper_onc.c in Sources */ = {isa = PBXBuildFile; fileRef = 59F51B1920744FDF004AFBE3 /* helper_onc.c */; };
		59F51B1C2074565D004AFBE3 /* GoogleService-Info.plist in Resources */ = {isa = PBXBuildFile; fileRef = 59F51B1B2074565D004AFBE3 /* GoogleService-Info.plist */; };
		59F51B2E207470F6004AFBE3 /* WYStoryboardPopoverSegue.m in Sources */ = {isa = PBXBuildFile; fileRef = 59F51B2A207470F6004AFBE3 /* WYStoryboardPopoverSegue.m */; };
		59F51B2F207470F6004AFBE3 /* WYPopoverController.m in Sources */ = {isa = PBXBuildFile; fileRef = 59F51B2D207470F6004AFBE3 /* WYPopoverController.m */; };
		59F51B3420747455004AFBE3 /* CreateProjectController.mm in Sources */ = {isa = PBXBuildFile; fileRef = 59F51B3320747455004AFBE3 /* CreateProjectController.mm */; };
		59F5D104207992D800E961CE /* NSString+CppStr.mm in Sources */ = {isa = PBXBuildFile; fileRef = 59F5D103207992D800E961CE /* NSString+CppStr.mm */; };
		59F5D10C20799B7A00E961CE /* JDStatusBarNotification.m in Sources */ = {isa = PBXBuildFile; fileRef = 59F5D10620799B7A00E961CE /* JDStatusBarNotification.m */; };
		59F5D10D20799B7A00E961CE /* JDStatusBarView.m in Sources */ = {isa = PBXBuildFile; fileRef = 59F5D10820799B7A00E961CE /* JDStatusBarView.m */; };
		59F5D10E20799B7A00E961CE /* JDStatusBarStyle.m in Sources */ = {isa = PBXBuildFile; fileRef = 59F5D10B20799B7A00E961CE /* JDStatusBarStyle.m */; };
		59F5D11920799B8800E961CE /* TWMessageBarManager.m in Sources */ = {isa = PBXBuildFile; fileRef = 59F5D11020799B8800E961CE /* TWMessageBarManager.m */; };
		59F5D11A20799B8800E961CE /* icon-info@2x.png in Resources */ = {isa = PBXBuildFile; fileRef = 59F5D11220799B8800E961CE /* icon-info@2x.png */; };
		59F5D11B20799B8800E961CE /* icon-error.png in Resources */ = {isa = PBXBuildFile; fileRef = 59F5D11320799B8800E961CE /* icon-error.png */; };
		59F5D11C20799B8800E961CE /* icon-info.png in Resources */ = {isa = PBXBuildFile; fileRef = 59F5D11420799B8800E961CE /* icon-info.png */; };
		59F5D11D20799B8800E961CE /* icon-success@2x.png in Resources */ = {isa = PBXBuildFile; fileRef = 59F5D11520799B8800E961CE /* icon-success@2x.png */; };
		59F5D11E20799B8800E961CE /* icon-error@2x.png in Resources */ = {isa = PBXBuildFile; fileRef = 59F5D11620799B8800E961CE /* icon-error@2x.png */; };
		59F5D11F20799B8800E961CE /* icon-success.png in Resources */ = {isa = PBXBuildFile; fileRef = 59F5D11720799B8800E961CE /* icon-success.png */; };
		59F5D1222079E1FE00E961CE /* ProgressView.m in Sources */ = {isa = PBXBuildFile; fileRef = 59F5D1212079E1FE00E961CE /* ProgressView.m */; };
		59F5D127207A046800E961CE /* PathController.mm in Sources */ = {isa = PBXBuildFile; fileRef = 59F5D126207A046800E961CE /* PathController.mm */; };
		59F5D12B207A386200E961CE /* MobileCoreServices.framework in Frameworks */ = {isa = PBXBuildFile; fileRef = 59F5D12A207A386200E961CE /* MobileCoreServices.framework */; };
		59F5D13B207ABE1B00E961CE /* Exception.cpp in Sources */ = {isa = PBXBuildFile; fileRef = 59F5D139207ABE1B00E961CE /* Exception.cpp */; };
		59F5D141207AD96500E961CE /* Statement.cpp in Sources */ = {isa = PBXBuildFile; fileRef = 59F5D13F207AD96500E961CE /* Statement.cpp */; };
		59F5D144207B09C600E961CE /* Column.cpp in Sources */ = {isa = PBXBuildFile; fileRef = 59F5D142207B09C600E961CE /* Column.cpp */; };
		59F5D14A207B1EAC00E961CE /* Database.cpp in Sources */ = {isa = PBXBuildFile; fileRef = 59F5D148207B1EAC00E961CE /* Database.cpp */; };
		59F5D14C207B546500E961CE /* libsqlite3.0.tbd in Frameworks */ = {isa = PBXBuildFile; fileRef = 59F5D14B207B546400E961CE /* libsqlite3.0.tbd */; };
		59F5D14F207B555C00E961CE /* Transaction.cpp in Sources */ = {isa = PBXBuildFile; fileRef = 59F5D14D207B555C00E961CE /* Transaction.cpp */; };
		59F5D155207B85F500E961CE /* Backup.cpp in Sources */ = {isa = PBXBuildFile; fileRef = 59F5D153207B85F500E961CE /* Backup.cpp */; };
		59F5D15B207BC51300E961CE /* DBManager.cpp in Sources */ = {isa = PBXBuildFile; fileRef = 59F5D159207BC51300E961CE /* DBManager.cpp */; };
		59F5D15F207C37E300E961CE /* BaseModel.cpp in Sources */ = {isa = PBXBuildFile; fileRef = 59F5D15D207C37E300E961CE /* BaseModel.cpp */; };
		59F5D162207C3A7400E961CE /* Project.cpp in Sources */ = {isa = PBXBuildFile; fileRef = 59F5D160207C3A7400E961CE /* Project.cpp */; };
		59F5D168207C56A100E961CE /* rest.sqlite in Resources */ = {isa = PBXBuildFile; fileRef = 59F5D167207C56A100E961CE /* rest.sqlite */; };
		59F5D16E207C6D0500E961CE /* Path.cpp in Sources */ = {isa = PBXBuildFile; fileRef = 59F5D16C207C6D0500E961CE /* Path.cpp */; };
		59F5D17B207CAEDE00E961CE /* RequestPopupController.mm in Sources */ = {isa = PBXBuildFile; fileRef = 59F5D179207CAEDE00E961CE /* RequestPopupController.mm */; };
		59F5D17C207CAEDE00E961CE /* RequestPopupController.xib in Resources */ = {isa = PBXBuildFile; fileRef = 59F5D17A207CAEDE00E961CE /* RequestPopupController.xib */; };
		59F5D180207CCCF800E961CE /* TypeRequestCell.m in Sources */ = {isa = PBXBuildFile; fileRef = 59F5D17E207CCCF800E961CE /* TypeRequestCell.m */; };
		59F5D181207CCCF800E961CE /* TypeRequestCell.xib in Resources */ = {isa = PBXBuildFile; fileRef = 59F5D17F207CCCF800E961CE /* TypeRequestCell.xib */; };
		59F5D187207D0A6400E961CE /* Param.cpp in Sources */ = {isa = PBXBuildFile; fileRef = 59F5D185207D0A6400E961CE /* Param.cpp */; };
/* End PBXBuildFile section */

/* Begin PBXFileReference section */
		23FBFE2418DFF8B808F21824 /* Pods-KoloBoot.debug.xcconfig */ = {isa = PBXFileReference; includeInIndex = 1; lastKnownFileType = text.xcconfig; name = "Pods-KoloBoot.debug.xcconfig"; path = "Pods/Target Support Files/Pods-KoloBoot/Pods-KoloBoot.debug.xcconfig"; sourceTree = "<group>"; };
		43BA6EFDC29602E0D81183BA /* Pods-KoloBoot.release.xcconfig */ = {isa = PBXFileReference; includeInIndex = 1; lastKnownFileType = text.xcconfig; name = "Pods-KoloBoot.release.xcconfig"; path = "Pods/Target Support Files/Pods-KoloBoot/Pods-KoloBoot.release.xcconfig"; sourceTree = "<group>"; };
		598A6885207DC7FA001F5918 /* ProjectSectionHeaderCell.h */ = {isa = PBXFileReference; lastKnownFileType = sourcecode.c.h; path = ProjectSectionHeaderCell.h; sourceTree = "<group>"; };
		598A6886207DC7FA001F5918 /* ProjectSectionHeaderCell.m */ = {isa = PBXFileReference; lastKnownFileType = sourcecode.c.objc; path = ProjectSectionHeaderCell.m; sourceTree = "<group>"; };
		598A6887207DC7FA001F5918 /* ProjectSectionHeaderCell.xib */ = {isa = PBXFileReference; lastKnownFileType = file.xib; path = ProjectSectionHeaderCell.xib; sourceTree = "<group>"; };
		598A688B207DD1F1001F5918 /* PathCell.m */ = {isa = PBXFileReference; lastKnownFileType = sourcecode.c.objc; path = PathCell.m; sourceTree = "<group>"; };
		598A688C207DD1F1001F5918 /* PathCell.xib */ = {isa = PBXFileReference; lastKnownFileType = file.xib; path = PathCell.xib; sourceTree = "<group>"; };
		598A688F207DD6D4001F5918 /* PathCell.h */ = {isa = PBXFileReference; lastKnownFileType = sourcecode.c.h; path = PathCell.h; sourceTree = "<group>"; };
		598A6891207DDCF6001F5918 /* HomeProtocol.h */ = {isa = PBXFileReference; lastKnownFileType = sourcecode.c.h; path = HomeProtocol.h; sourceTree = "<group>"; };
		598A6892207E135D001F5918 /* Utils.h */ = {isa = PBXFileReference; lastKnownFileType = sourcecode.c.h; path = Utils.h; sourceTree = "<group>"; };
		598A6893207E135D001F5918 /* Utils.mm */ = {isa = PBXFileReference; lastKnownFileType = sourcecode.cpp.objcpp; path = Utils.mm; sourceTree = "<group>"; };
		598A6896207F0AA1001F5918 /* RequestController.h */ = {isa = PBXFileReference; lastKnownFileType = sourcecode.c.h; path = RequestController.h; sourceTree = "<group>"; };
		598A6897207F0AA1001F5918 /* RequestController.mm */ = {isa = PBXFileReference; lastKnownFileType = sourcecode.cpp.objcpp; path = RequestController.mm; sourceTree = "<group>"; };
		598A6898207F0AA1001F5918 /* RequestController.xib */ = {isa = PBXFileReference; lastKnownFileType = file.xib; path = RequestController.xib; sourceTree = "<group>"; };
		598A689C207F1DFB001F5918 /* PageRequestController.h */ = {isa = PBXFileReference; lastKnownFileType = sourcecode.c.h; path = PageRequestController.h; sourceTree = "<group>"; };
		598A689D207F1DFB001F5918 /* PageRequestController.mm */ = {isa = PBXFileReference; lastKnownFileType = sourcecode.cpp.objcpp; path = PageRequestController.mm; sourceTree = "<group>"; };
		598A689E207F1DFB001F5918 /* PageRequestController.xib */ = {isa = PBXFileReference; lastKnownFileType = file.xib; path = PageRequestController.xib; sourceTree = "<group>"; };
		598A68A9207F2AA3001F5918 /* TopView.h */ = {isa = PBXFileReference; lastKnownFileType = sourcecode.c.h; path = TopView.h; sourceTree = "<group>"; };
		598A68AA207F2AA3001F5918 /* TopView.m */ = {isa = PBXFileReference; lastKnownFileType = sourcecode.c.objc; path = TopView.m; sourceTree = "<group>"; };
		598A68AC207F2ABC001F5918 /* TopView.xib */ = {isa = PBXFileReference; lastKnownFileType = file.xib; path = TopView.xib; sourceTree = "<group>"; };
		598A68B4207F328F001F5918 /* QueryParamView.h */ = {isa = PBXFileReference; lastKnownFileType = sourcecode.c.h; path = QueryParamView.h; sourceTree = "<group>"; };
		598A68B5207F328F001F5918 /* QueryParamView.mm */ = {isa = PBXFileReference; lastKnownFileType = sourcecode.cpp.objcpp; path = QueryParamView.mm; sourceTree = "<group>"; };
		598A68B7207F32AA001F5918 /* QueryParamView.xib */ = {isa = PBXFileReference; lastKnownFileType = file.xib; path = QueryParamView.xib; sourceTree = "<group>"; };
		598A68B9207F3322001F5918 /* HeadersView.h */ = {isa = PBXFileReference; lastKnownFileType = sourcecode.c.h; path = HeadersView.h; sourceTree = "<group>"; };
		598A68BA207F3322001F5918 /* HeadersView.mm */ = {isa = PBXFileReference; lastKnownFileType = sourcecode.cpp.objcpp; path = HeadersView.mm; sourceTree = "<group>"; };
		598A68BC207F3346001F5918 /* HeadersView.xib */ = {isa = PBXFileReference; lastKnownFileType = file.xib; path = HeadersView.xib; sourceTree = "<group>"; };
		598A68BE207F3389001F5918 /* AuthorizationView.h */ = {isa = PBXFileReference; lastKnownFileType = sourcecode.c.h; path = AuthorizationView.h; sourceTree = "<group>"; };
		598A68BF207F3389001F5918 /* AuthorizationView.m */ = {isa = PBXFileReference; lastKnownFileType = sourcecode.c.objc; path = AuthorizationView.m; sourceTree = "<group>"; };
		598A68C1207F3397001F5918 /* AuthorizationView.xib */ = {isa = PBXFileReference; lastKnownFileType = file.xib; path = AuthorizationView.xib; sourceTree = "<group>"; };
		598A68C4207F38F0001F5918 /* PageResponseController.h */ = {isa = PBXFileReference; lastKnownFileType = sourcecode.c.h; path = PageResponseController.h; sourceTree = "<group>"; };
		598A68C5207F38F0001F5918 /* PageResponseController.mm */ = {isa = PBXFileReference; lastKnownFileType = sourcecode.cpp.objcpp; path = PageResponseController.mm; sourceTree = "<group>"; };
		598A68C6207F38F0001F5918 /* PageResponseController.xib */ = {isa = PBXFileReference; lastKnownFileType = file.xib; path = PageResponseController.xib; sourceTree = "<group>"; };
		598A68C9207F3C83001F5918 /* BasePageController.h */ = {isa = PBXFileReference; lastKnownFileType = sourcecode.c.h; path = BasePageController.h; sourceTree = "<group>"; };
		598A68CA207F3C83001F5918 /* BasePageController.mm */ = {isa = PBXFileReference; lastKnownFileType = sourcecode.cpp.objcpp; path = BasePageController.mm; sourceTree = "<group>"; };
		598A68CC207F407D001F5918 /* TopResView.h */ = {isa = PBXFileReference; lastKnownFileType = sourcecode.c.h; path = TopResView.h; sourceTree = "<group>"; };
		598A68CD207F407D001F5918 /* TopResView.m */ = {isa = PBXFileReference; lastKnownFileType = sourcecode.c.objc; path = TopResView.m; sourceTree = "<group>"; };
		598A68CF207F408A001F5918 /* TopResView.xib */ = {isa = PBXFileReference; lastKnownFileType = file.xib; path = TopResView.xib; sourceTree = "<group>"; };
		598A68D1207F419E001F5918 /* ResponseView.h */ = {isa = PBXFileReference; lastKnownFileType = sourcecode.c.h; path = ResponseView.h; sourceTree = "<group>"; };
		598A68D2207F419E001F5918 /* ResponseView.m */ = {isa = PBXFileReference; lastKnownFileType = sourcecode.c.objc; path = ResponseView.m; sourceTree = "<group>"; };
		598A68D4207F41AB001F5918 /* ResponseView.xib */ = {isa = PBXFileReference; lastKnownFileType = file.xib; path = ResponseView.xib; sourceTree = "<group>"; };
		598A68D6207F41CC001F5918 /* ResponseHeaderView.h */ = {isa = PBXFileReference; lastKnownFileType = sourcecode.c.h; path = ResponseHeaderView.h; sourceTree = "<group>"; };
		598A68D7207F41CC001F5918 /* ResponseHeaderView.m */ = {isa = PBXFileReference; lastKnownFileType = sourcecode.c.objc; path = ResponseHeaderView.m; sourceTree = "<group>"; };
		598A68D9207F41D9001F5918 /* ResponseHeaderView.xib */ = {isa = PBXFileReference; lastKnownFileType = file.xib; path = ResponseHeaderView.xib; sourceTree = "<group>"; };
		59BA8572207F8F1900F58EBF /* FooterCell.h */ = {isa = PBXFileReference; lastKnownFileType = sourcecode.c.h; path = FooterCell.h; sourceTree = "<group>"; };
		59BA8573207F8F1900F58EBF /* FooterCell.m */ = {isa = PBXFileReference; lastKnownFileType = sourcecode.c.objc; path = FooterCell.m; sourceTree = "<group>"; };
		59BA8574207F8F1900F58EBF /* FooterCell.xib */ = {isa = PBXFileReference; lastKnownFileType = file.xib; path = FooterCell.xib; sourceTree = "<group>"; };
		59BA8577207F907200F58EBF /* HeaderCell.h */ = {isa = PBXFileReference; lastKnownFileType = sourcecode.c.h; path = HeaderCell.h; sourceTree = "<group>"; };
		59BA8578207F907200F58EBF /* HeaderCell.m */ = {isa = PBXFileReference; lastKnownFileType = sourcecode.c.objc; path = HeaderCell.m; sourceTree = "<group>"; };
		59BA8579207F907200F58EBF /* HeaderCell.xib */ = {isa = PBXFileReference; lastKnownFileType = file.xib; path = HeaderCell.xib; sourceTree = "<group>"; };
		59BA857C207F934200F58EBF /* QueryParamCell.h */ = {isa = PBXFileReference; lastKnownFileType = sourcecode.c.h; path = QueryParamCell.h; sourceTree = "<group>"; };
		59BA857D207F934200F58EBF /* QueryParamCell.m */ = {isa = PBXFileReference; lastKnownFileType = sourcecode.c.objc; path = QueryParamCell.m; sourceTree = "<group>"; };
		59BA857E207F934200F58EBF /* QueryParamCell.xib */ = {isa = PBXFileReference; lastKnownFileType = file.xib; path = QueryParamCell.xib; sourceTree = "<group>"; };
		59BA8581207FA06600F58EBF /* QueryParamProtocol.h */ = {isa = PBXFileReference; lastKnownFileType = sourcecode.c.h; path = QueryParamProtocol.h; sourceTree = "<group>"; };
		59BA8583208018F700F58EBF /* MZFormSheetPresentationViewControllerAnimator.m */ = {isa = PBXFileReference; fileEncoding = 4; lastKnownFileType = sourcecode.c.objc; path = MZFormSheetPresentationViewControllerAnimator.m; sourceTree = "<group>"; };
		59BA8584208018F700F58EBF /* MZFormSheetPresentationViewControllerSegue.h */ = {isa = PBXFileReference; fileEncoding = 4; lastKnownFileType = sourcecode.c.h; path = MZFormSheetPresentationViewControllerSegue.h; sourceTree = "<group>"; };
		59BA8585208018F700F58EBF /* MZFormSheetPresentationController.h */ = {isa = PBXFileReference; fileEncoding = 4; lastKnownFileType = sourcecode.c.h; path = MZFormSheetPresentationController.h; sourceTree = "<group>"; };
		59BA8586208018F700F58EBF /* MZFormSheetPresentationViewControllerInteractiveAnimator.m */ = {isa = PBXFileReference; fileEncoding = 4; lastKnownFileType = sourcecode.c.objc; path = MZFormSheetPresentationViewControllerInteractiveAnimator.m; sourceTree = "<group>"; };
		59BA8587208018F700F58EBF /* MZFormSheetContentSizingNavigationControllerAnimator.m */ = {isa = PBXFileReference; fileEncoding = 4; lastKnownFileType = sourcecode.c.objc; path = MZFormSheetContentSizingNavigationControllerAnimator.m; sourceTree = "<group>"; };
		59BA8588208018F700F58EBF /* MZFormSheetPresentationViewControllerInteractiveTransitioning.h */ = {isa = PBXFileReference; fileEncoding = 4; lastKnownFileType = sourcecode.c.h; path = MZFormSheetPresentationViewControllerInteractiveTransitioning.h; sourceTree = "<group>"; };
		59BA8589208018F700F58EBF /* MZBlurEffectAdapter.h */ = {isa = PBXFileReference; fileEncoding = 4; lastKnownFileType = sourcecode.c.h; path = MZBlurEffectAdapter.h; sourceTree = "<group>"; };
		59BA858A208018F700F58EBF /* MZTransition.h */ = {isa = PBXFileReference; fileEncoding = 4; lastKnownFileType = sourcecode.c.h; path = MZTransition.h; sourceTree = "<group>"; };
		59BA858B208018F700F58EBF /* MZMethodSwizzler.m */ = {isa = PBXFileReference; fileEncoding = 4; lastKnownFileType = sourcecode.c.objc; path = MZMethodSwizzler.m; sourceTree = "<group>"; };
		59BA858C208018F700F58EBF /* MZFormSheetPresentationViewController.m */ = {isa = PBXFileReference; fileEncoding = 4; lastKnownFileType = sourcecode.c.objc; path = MZFormSheetPresentationViewController.m; sourceTree = "<group>"; };
		59BA858D208018F700F58EBF /* MZFormSheetPresentationContentSizing.h */ = {isa = PBXFileReference; fileEncoding = 4; lastKnownFileType = sourcecode.c.h; path = MZFormSheetPresentationContentSizing.h; sourceTree = "<group>"; };
		59BA858E208018F700F58EBF /* UIViewController+TargetViewController.m */ = {isa = PBXFileReference; fileEncoding = 4; lastKnownFileType = sourcecode.c.objc; path = "UIViewController+TargetViewController.m"; sourceTree = "<group>"; };
		59BA858F208018F700F58EBF /* MZFormSheetContentSizingNavigationController.h */ = {isa = PBXFileReference; fileEncoding = 4; lastKnownFileType = sourcecode.c.h; path = MZFormSheetContentSizingNavigationController.h; sourceTree = "<group>"; };
		59BA8590208018F700F58EBF /* MZFormSheetPresentationController-Bridging-Header.h */ = {isa = PBXFileReference; fileEncoding = 4; lastKnownFileType = sourcecode.c.h; path = "MZFormSheetPresentationController-Bridging-Header.h"; sourceTree = "<group>"; };
		59BA8591208018F700F58EBF /* MZFormSheetPresentationController.m */ = {isa = PBXFileReference; fileEncoding = 4; lastKnownFileType = sourcecode.c.objc; path = MZFormSheetPresentationController.m; sourceTree = "<group>"; };
		59BA8592208018F700F58EBF /* MZFormSheetPresentationViewControllerSegue.m */ = {isa = PBXFileReference; fileEncoding = 4; lastKnownFileType = sourcecode.c.objc; path = MZFormSheetPresentationViewControllerSegue.m; sourceTree = "<group>"; };
		59BA8593208018F700F58EBF /* MZFormSheetPresentationViewControllerAnimator.h */ = {isa = PBXFileReference; fileEncoding = 4; lastKnownFileType = sourcecode.c.h; path = MZFormSheetPresentationViewControllerAnimator.h; sourceTree = "<group>"; };
		59BA8594208018F700F58EBF /* MZFormSheetPresentationViewControllerAnimatedTransitioning.h */ = {isa = PBXFileReference; fileEncoding = 4; lastKnownFileType = sourcecode.c.h; path = MZFormSheetPresentationViewControllerAnimatedTransitioning.h; sourceTree = "<group>"; };
		59BA8595208018F700F58EBF /* MZTransition.m */ = {isa = PBXFileReference; fileEncoding = 4; lastKnownFileType = sourcecode.c.objc; path = MZTransition.m; sourceTree = "<group>"; };
		59BA8596208018F700F58EBF /* MZBlurEffectAdapter.m */ = {isa = PBXFileReference; fileEncoding = 4; lastKnownFileType = sourcecode.c.objc; path = MZBlurEffectAdapter.m; sourceTree = "<group>"; };
		59BA8597208018F700F58EBF /* MZFormSheetContentSizingNavigationControllerAnimator.h */ = {isa = PBXFileReference; fileEncoding = 4; lastKnownFileType = sourcecode.c.h; path = MZFormSheetContentSizingNavigationControllerAnimator.h; sourceTree = "<group>"; };
		59BA8598208018F700F58EBF /* MZFormSheetPresentationViewControllerInteractiveAnimator.h */ = {isa = PBXFileReference; fileEncoding = 4; lastKnownFileType = sourcecode.c.h; path = MZFormSheetPresentationViewControllerInteractiveAnimator.h; sourceTree = "<group>"; };
		59BA8599208018F700F58EBF /* MZFormSheetContentSizingNavigationController.m */ = {isa = PBXFileReference; fileEncoding = 4; lastKnownFileType = sourcecode.c.objc; path = MZFormSheetContentSizingNavigationController.m; sourceTree = "<group>"; };
		59BA859A208018F700F58EBF /* UIViewController+TargetViewController.h */ = {isa = PBXFileReference; fileEncoding = 4; lastKnownFileType = sourcecode.c.h; path = "UIViewController+TargetViewController.h"; sourceTree = "<group>"; };
		59BA859B208018F700F58EBF /* MZFormSheetPresentationViewController.h */ = {isa = PBXFileReference; fileEncoding = 4; lastKnownFileType = sourcecode.c.h; path = MZFormSheetPresentationViewController.h; sourceTree = "<group>"; };
		59BA859C208018F700F58EBF /* MZMethodSwizzler.h */ = {isa = PBXFileReference; fileEncoding = 4; lastKnownFileType = sourcecode.c.h; path = MZMethodSwizzler.h; sourceTree = "<group>"; };
		59BA85AE20802BF900F58EBF /* InputParamController.h */ = {isa = PBXFileReference; lastKnownFileType = sourcecode.c.h; path = InputParamController.h; sourceTree = "<group>"; };
		59BA85AF20802BF900F58EBF /* InputParamController.mm */ = {isa = PBXFileReference; lastKnownFileType = sourcecode.cpp.objcpp; path = InputParamController.mm; sourceTree = "<group>"; };
		59BA85B420803FE100F58EBF /* UITextField+Extended.h */ = {isa = PBXFileReference; lastKnownFileType = sourcecode.c.h; path = "UITextField+Extended.h"; sourceTree = "<group>"; };
		59BA85B520803FE100F58EBF /* UITextField+Extended.m */ = {isa = PBXFileReference; lastKnownFileType = sourcecode.c.objc; path = "UITextField+Extended.m"; sourceTree = "<group>"; };
		59BA85C920808DCD00F58EBF /* UILabel+Extended.h */ = {isa = PBXFileReference; lastKnownFileType = sourcecode.c.h; path = "UILabel+Extended.h"; sourceTree = "<group>"; };
		59BA85CA20808DCD00F58EBF /* UILabel+Extended.m */ = {isa = PBXFileReference; lastKnownFileType = sourcecode.c.objc; path = "UILabel+Extended.m"; sourceTree = "<group>"; };
		59BA85E52080E4A200F58EBF /* IGAutoCompletionToolbarLayout.h */ = {isa = PBXFileReference; fileEncoding = 4; lastKnownFileType = sourcecode.c.h; path = IGAutoCompletionToolbarLayout.h; sourceTree = "<group>"; };
		59BA85E62080E4A200F58EBF /* IGAutoCompletionToolbar.h */ = {isa = PBXFileReference; fileEncoding = 4; lastKnownFileType = sourcecode.c.h; path = IGAutoCompletionToolbar.h; sourceTree = "<group>"; };
		59BA85E72080E4A200F58EBF /* IGAutoCompletionToolbarCell.h */ = {isa = PBXFileReference; fileEncoding = 4; lastKnownFileType = sourcecode.c.h; path = IGAutoCompletionToolbarCell.h; sourceTree = "<group>"; };
		59BA85E82080E4A200F58EBF /* IGAutoCompletionToolbar.m */ = {isa = PBXFileReference; fileEncoding = 4; lastKnownFileType = sourcecode.c.objc; path = IGAutoCompletionToolbar.m; sourceTree = "<group>"; };
		59BA85E92080E4A200F58EBF /* IGAutoCompletionToolbarLayout.m */ = {isa = PBXFileReference; fileEncoding = 4; lastKnownFileType = sourcecode.c.objc; path = IGAutoCompletionToolbarLayout.m; sourceTree = "<group>"; };
		59BA85EA2080E4A200F58EBF /* IGAutoCompletionToolbarCell.m */ = {isa = PBXFileReference; fileEncoding = 4; lastKnownFileType = sourcecode.c.objc; path = IGAutoCompletionToolbarCell.m; sourceTree = "<group>"; };
		59BA863A2081B67B00F58EBF /* Auth.cpp */ = {isa = PBXFileReference; lastKnownFileType = sourcecode.cpp.cpp; path = Auth.cpp; sourceTree = "<group>"; };
		59BA863B2081B67B00F58EBF /* Auth.hpp */ = {isa = PBXFileReference; lastKnownFileType = sourcecode.cpp.h; path = Auth.hpp; sourceTree = "<group>"; };
		59BA86502082CDAF00F58EBF /* vector_view.cpp */ = {isa = PBXFileReference; lastKnownFileType = sourcecode.cpp.cpp; path = vector_view.cpp; sourceTree = "<group>"; };
		59BA86512082CDAF00F58EBF /* vector_view.hpp */ = {isa = PBXFileReference; lastKnownFileType = sourcecode.cpp.h; path = vector_view.hpp; sourceTree = "<group>"; };
		59E04D92206FFD9E00AB5C2B /* KoloBoot.app */ = {isa = PBXFileReference; explicitFileType = wrapper.application; includeInIndex = 0; path = KoloBoot.app; sourceTree = BUILT_PRODUCTS_DIR; };
		59E04D95206FFD9E00AB5C2B /* AppDelegate.h */ = {isa = PBXFileReference; lastKnownFileType = sourcecode.c.h; path = AppDelegate.h; sourceTree = "<group>"; };
		59E04D96206FFD9E00AB5C2B /* AppDelegate.mm */ = {isa = PBXFileReference; lastKnownFileType = sourcecode.cpp.objcpp; path = AppDelegate.mm; sourceTree = "<group>"; };
		59E04D98206FFD9E00AB5C2B /* ViewController.h */ = {isa = PBXFileReference; lastKnownFileType = sourcecode.c.h; path = ViewController.h; sourceTree = "<group>"; };
		59E04D99206FFD9E00AB5C2B /* ViewController.mm */ = {isa = PBXFileReference; lastKnownFileType = sourcecode.cpp.objcpp; path = ViewController.mm; sourceTree = "<group>"; };
		59E04D9C206FFD9E00AB5C2B /* Base */ = {isa = PBXFileReference; lastKnownFileType = file.storyboard; name = Base; path = Base.lproj/Main.storyboard; sourceTree = "<group>"; };
		59E04D9E206FFD9E00AB5C2B /* Assets.xcassets */ = {isa = PBXFileReference; lastKnownFileType = folder.assetcatalog; path = Assets.xcassets; sourceTree = "<group>"; };
		59E04DA1206FFD9E00AB5C2B /* Base */ = {isa = PBXFileReference; lastKnownFileType = file.storyboard; name = Base; path = Base.lproj/LaunchScreen.storyboard; sourceTree = "<group>"; };
		59E04DA3206FFD9E00AB5C2B /* Info.plist */ = {isa = PBXFileReference; lastKnownFileType = text.plist.xml; path = Info.plist; sourceTree = "<group>"; };
		59E04DA4206FFD9E00AB5C2B /* main.m */ = {isa = PBXFileReference; lastKnownFileType = sourcecode.c.objc; path = main.m; sourceTree = "<group>"; };
		59F51ADA20738CF1004AFBE3 /* connection.h */ = {isa = PBXFileReference; fileEncoding = 4; lastKnownFileType = sourcecode.c.h; path = connection.h; sourceTree = "<group>"; };
		59F51ADB20738CF1004AFBE3 /* restclient.h */ = {isa = PBXFileReference; fileEncoding = 4; lastKnownFileType = sourcecode.c.h; path = restclient.h; sourceTree = "<group>"; };
		59F51ADC20738CF1004AFBE3 /* version.h */ = {isa = PBXFileReference; fileEncoding = 4; lastKnownFileType = sourcecode.c.h; path = version.h; sourceTree = "<group>"; };
		59F51ADD20738CF1004AFBE3 /* restclient.cc */ = {isa = PBXFileReference; fileEncoding = 4; lastKnownFileType = sourcecode.cpp.cpp; path = restclient.cc; sourceTree = "<group>"; };
		59F51ADE20738CF1004AFBE3 /* helpers.cc */ = {isa = PBXFileReference; fileEncoding = 4; lastKnownFileType = sourcecode.cpp.cpp; path = helpers.cc; sourceTree = "<group>"; };
		59F51ADF20738CF1004AFBE3 /* connection.cc */ = {isa = PBXFileReference; fileEncoding = 4; lastKnownFileType = sourcecode.cpp.cpp; path = connection.cc; sourceTree = "<group>"; };
		59F51AE020738CF1004AFBE3 /* helpers.h */ = {isa = PBXFileReference; fileEncoding = 4; lastKnownFileType = sourcecode.c.h; path = helpers.h; sourceTree = "<group>"; };
		59F51AE620738CFA004AFBE3 /* json-forwards.h */ = {isa = PBXFileReference; fileEncoding = 4; lastKnownFileType = sourcecode.c.h; path = "json-forwards.h"; sourceTree = "<group>"; };
		59F51AE720738CFA004AFBE3 /* json.h */ = {isa = PBXFileReference; fileEncoding = 4; lastKnownFileType = sourcecode.c.h; path = json.h; sourceTree = "<group>"; };
		59F51AE820738CFA004AFBE3 /* jsoncpp.cpp */ = {isa = PBXFileReference; fileEncoding = 4; lastKnownFileType = sourcecode.cpp.cpp; path = jsoncpp.cpp; sourceTree = "<group>"; };
		59F51AEB20738E03004AFBE3 /* libcrypto.a */ = {isa = PBXFileReference; lastKnownFileType = archive.ar; name = libcrypto.a; path = libs/libcrypto.a; sourceTree = SOURCE_ROOT; };
		59F51AEC20738E04004AFBE3 /* libnghttp2.a */ = {isa = PBXFileReference; lastKnownFileType = archive.ar; name = libnghttp2.a; path = libs/libnghttp2.a; sourceTree = SOURCE_ROOT; };
		59F51AED20738E04004AFBE3 /* libssl.a */ = {isa = PBXFileReference; lastKnownFileType = archive.ar; name = libssl.a; path = libs/libssl.a; sourceTree = SOURCE_ROOT; };
		59F51AEE20738E04004AFBE3 /* libcurl.a */ = {isa = PBXFileReference; lastKnownFileType = archive.ar; name = libcurl.a; path = libs/libcurl.a; sourceTree = SOURCE_ROOT; };
		59F51AF320738E5A004AFBE3 /* libz.tbd */ = {isa = PBXFileReference; lastKnownFileType = "sourcecode.text-based-dylib-definition"; name = libz.tbd; path = usr/lib/libz.tbd; sourceTree = SDKROOT; };
		59F51B0020738F5B004AFBE3 /* helper_oncpp.cc */ = {isa = PBXFileReference; fileEncoding = 4; lastKnownFileType = sourcecode.cpp.cpp; path = helper_oncpp.cc; sourceTree = "<group>"; };
		59F51B0120738F5B004AFBE3 /* helper_oncpp.h */ = {isa = PBXFileReference; fileEncoding = 4; lastKnownFileType = sourcecode.c.h; path = helper_oncpp.h; sourceTree = "<group>"; };
		59F51B1820744FDF004AFBE3 /* helper_onc.h */ = {isa = PBXFileReference; lastKnownFileType = sourcecode.c.h; path = helper_onc.h; sourceTree = "<group>"; };
		59F51B1920744FDF004AFBE3 /* helper_onc.c */ = {isa = PBXFileReference; lastKnownFileType = sourcecode.c.c; path = helper_onc.c; sourceTree = "<group>"; };
		59F51B1B2074565D004AFBE3 /* GoogleService-Info.plist */ = {isa = PBXFileReference; fileEncoding = 4; lastKnownFileType = text.plist.xml; path = "GoogleService-Info.plist"; sourceTree = "<group>"; };
		59F51B2A207470F6004AFBE3 /* WYStoryboardPopoverSegue.m */ = {isa = PBXFileReference; fileEncoding = 4; lastKnownFileType = sourcecode.c.objc; path = WYStoryboardPopoverSegue.m; sourceTree = "<group>"; };
		59F51B2B207470F6004AFBE3 /* WYPopoverController.h */ = {isa = PBXFileReference; fileEncoding = 4; lastKnownFileType = sourcecode.c.h; path = WYPopoverController.h; sourceTree = "<group>"; };
		59F51B2C207470F6004AFBE3 /* WYStoryboardPopoverSegue.h */ = {isa = PBXFileReference; fileEncoding = 4; lastKnownFileType = sourcecode.c.h; path = WYStoryboardPopoverSegue.h; sourceTree = "<group>"; };
		59F51B2D207470F6004AFBE3 /* WYPopoverController.m */ = {isa = PBXFileReference; fileEncoding = 4; lastKnownFileType = sourcecode.c.objc; path = WYPopoverController.m; sourceTree = "<group>"; };
		59F51B3220747455004AFBE3 /* CreateProjectController.h */ = {isa = PBXFileReference; lastKnownFileType = sourcecode.c.h; path = CreateProjectController.h; sourceTree = "<group>"; };
		59F51B3320747455004AFBE3 /* CreateProjectController.mm */ = {isa = PBXFileReference; lastKnownFileType = sourcecode.cpp.objcpp; path = CreateProjectController.mm; sourceTree = "<group>"; };
		59F5D102207992D800E961CE /* NSString+CppStr.h */ = {isa = PBXFileReference; lastKnownFileType = sourcecode.c.h; path = "NSString+CppStr.h"; sourceTree = "<group>"; };
		59F5D103207992D800E961CE /* NSString+CppStr.mm */ = {isa = PBXFileReference; lastKnownFileType = sourcecode.cpp.objcpp; path = "NSString+CppStr.mm"; sourceTree = "<group>"; };
		59F5D10620799B7A00E961CE /* JDStatusBarNotification.m */ = {isa = PBXFileReference; fileEncoding = 4; lastKnownFileType = sourcecode.c.objc; path = JDStatusBarNotification.m; sourceTree = "<group>"; };
		59F5D10720799B7A00E961CE /* JDStatusBarStyle.h */ = {isa = PBXFileReference; fileEncoding = 4; lastKnownFileType = sourcecode.c.h; path = JDStatusBarStyle.h; sourceTree = "<group>"; };
		59F5D10820799B7A00E961CE /* JDStatusBarView.m */ = {isa = PBXFileReference; fileEncoding = 4; lastKnownFileType = sourcecode.c.objc; path = JDStatusBarView.m; sourceTree = "<group>"; };
		59F5D10920799B7A00E961CE /* JDStatusBarNotification.h */ = {isa = PBXFileReference; fileEncoding = 4; lastKnownFileType = sourcecode.c.h; path = JDStatusBarNotification.h; sourceTree = "<group>"; };
		59F5D10A20799B7A00E961CE /* JDStatusBarView.h */ = {isa = PBXFileReference; fileEncoding = 4; lastKnownFileType = sourcecode.c.h; path = JDStatusBarView.h; sourceTree = "<group>"; };
		59F5D10B20799B7A00E961CE /* JDStatusBarStyle.m */ = {isa = PBXFileReference; fileEncoding = 4; lastKnownFileType = sourcecode.c.objc; path = JDStatusBarStyle.m; sourceTree = "<group>"; };
		59F5D11020799B8800E961CE /* TWMessageBarManager.m */ = {isa = PBXFileReference; fileEncoding = 4; lastKnownFileType = sourcecode.c.objc; path = TWMessageBarManager.m; sourceTree = "<group>"; };
		59F5D11220799B8800E961CE /* icon-info@2x.png */ = {isa = PBXFileReference; lastKnownFileType = image.png; path = "icon-info@2x.png"; sourceTree = "<group>"; };
		59F5D11320799B8800E961CE /* icon-error.png */ = {isa = PBXFileReference; lastKnownFileType = image.png; path = "icon-error.png"; sourceTree = "<group>"; };
		59F5D11420799B8800E961CE /* icon-info.png */ = {isa = PBXFileReference; lastKnownFileType = image.png; path = "icon-info.png"; sourceTree = "<group>"; };
		59F5D11520799B8800E961CE /* icon-success@2x.png */ = {isa = PBXFileReference; lastKnownFileType = image.png; path = "icon-success@2x.png"; sourceTree = "<group>"; };
		59F5D11620799B8800E961CE /* icon-error@2x.png */ = {isa = PBXFileReference; lastKnownFileType = image.png; path = "icon-error@2x.png"; sourceTree = "<group>"; };
		59F5D11720799B8800E961CE /* icon-success.png */ = {isa = PBXFileReference; lastKnownFileType = image.png; path = "icon-success.png"; sourceTree = "<group>"; };
		59F5D11820799B8800E961CE /* TWMessageBarManager.h */ = {isa = PBXFileReference; fileEncoding = 4; lastKnownFileType = sourcecode.c.h; path = TWMessageBarManager.h; sourceTree = "<group>"; };
		59F5D1202079E1FE00E961CE /* ProgressView.h */ = {isa = PBXFileReference; fileEncoding = 4; lastKnownFileType = sourcecode.c.h; path = ProgressView.h; sourceTree = "<group>"; };
		59F5D1212079E1FE00E961CE /* ProgressView.m */ = {isa = PBXFileReference; fileEncoding = 4; lastKnownFileType = sourcecode.c.objc; path = ProgressView.m; sourceTree = "<group>"; };
		59F5D125207A046800E961CE /* PathController.h */ = {isa = PBXFileReference; lastKnownFileType = sourcecode.c.h; path = PathController.h; sourceTree = "<group>"; };
		59F5D126207A046800E961CE /* PathController.mm */ = {isa = PBXFileReference; lastKnownFileType = sourcecode.cpp.objcpp; path = PathController.mm; sourceTree = "<group>"; };
		59F5D12A207A386200E961CE /* MobileCoreServices.framework */ = {isa = PBXFileReference; lastKnownFileType = wrapper.framework; name = MobileCoreServices.framework; path = System/Library/Frameworks/MobileCoreServices.framework; sourceTree = SDKROOT; };
		59F5D139207ABE1B00E961CE /* Exception.cpp */ = {isa = PBXFileReference; lastKnownFileType = sourcecode.cpp.cpp; path = Exception.cpp; sourceTree = "<group>"; };
		59F5D13A207ABE1B00E961CE /* Exception.h */ = {isa = PBXFileReference; lastKnownFileType = sourcecode.c.h; path = Exception.h; sourceTree = "<group>"; };
		59F5D13D207ACC3300E961CE /* Assertion.h */ = {isa = PBXFileReference; lastKnownFileType = sourcecode.c.h; path = Assertion.h; sourceTree = "<group>"; };
		59F5D13F207AD96500E961CE /* Statement.cpp */ = {isa = PBXFileReference; lastKnownFileType = sourcecode.cpp.cpp; path = Statement.cpp; sourceTree = "<group>"; };
		59F5D140207AD96500E961CE /* Statement.h */ = {isa = PBXFileReference; lastKnownFileType = sourcecode.c.h; path = Statement.h; sourceTree = "<group>"; };
		59F5D142207B09C600E961CE /* Column.cpp */ = {isa = PBXFileReference; lastKnownFileType = sourcecode.cpp.cpp; path = Column.cpp; sourceTree = "<group>"; };
		59F5D143207B09C600E961CE /* Column.h */ = {isa = PBXFileReference; lastKnownFileType = sourcecode.c.h; path = Column.h; sourceTree = "<group>"; };
		59F5D146207B1CF100E961CE /* Utils.h */ = {isa = PBXFileReference; lastKnownFileType = sourcecode.c.h; path = Utils.h; sourceTree = "<group>"; };
		59F5D148207B1EAC00E961CE /* Database.cpp */ = {isa = PBXFileReference; lastKnownFileType = sourcecode.cpp.cpp; path = Database.cpp; sourceTree = "<group>"; };
		59F5D149207B1EAC00E961CE /* Database.h */ = {isa = PBXFileReference; lastKnownFileType = sourcecode.c.h; path = Database.h; sourceTree = "<group>"; };
		59F5D14B207B546400E961CE /* libsqlite3.0.tbd */ = {isa = PBXFileReference; lastKnownFileType = "sourcecode.text-based-dylib-definition"; name = libsqlite3.0.tbd; path = usr/lib/libsqlite3.0.tbd; sourceTree = SDKROOT; };
		59F5D14D207B555C00E961CE /* Transaction.cpp */ = {isa = PBXFileReference; lastKnownFileType = sourcecode.cpp.cpp; path = Transaction.cpp; sourceTree = "<group>"; };
		59F5D14E207B555C00E961CE /* Transaction.h */ = {isa = PBXFileReference; lastKnownFileType = sourcecode.c.h; path = Transaction.h; sourceTree = "<group>"; };
		59F5D151207B6DE000E961CE /* VariadicBind.h */ = {isa = PBXFileReference; lastKnownFileType = sourcecode.c.h; path = VariadicBind.h; sourceTree = "<group>"; };
		59F5D153207B85F500E961CE /* Backup.cpp */ = {isa = PBXFileReference; lastKnownFileType = sourcecode.cpp.cpp; path = Backup.cpp; sourceTree = "<group>"; };
		59F5D154207B85F500E961CE /* Backup.h */ = {isa = PBXFileReference; lastKnownFileType = sourcecode.c.h; path = Backup.h; sourceTree = "<group>"; };
		59F5D157207B87F300E961CE /* SQLiteCpp.h */ = {isa = PBXFileReference; lastKnownFileType = sourcecode.c.h; path = SQLiteCpp.h; sourceTree = "<group>"; };
		59F5D159207BC51300E961CE /* DBManager.cpp */ = {isa = PBXFileReference; lastKnownFileType = sourcecode.cpp.cpp; path = DBManager.cpp; sourceTree = "<group>"; };
		59F5D15A207BC51300E961CE /* DBManager.hpp */ = {isa = PBXFileReference; lastKnownFileType = sourcecode.cpp.h; path = DBManager.hpp; sourceTree = "<group>"; };
		59F5D15D207C37E300E961CE /* BaseModel.cpp */ = {isa = PBXFileReference; lastKnownFileType = sourcecode.cpp.cpp; path = BaseModel.cpp; sourceTree = "<group>"; };
		59F5D15E207C37E300E961CE /* BaseModel.hpp */ = {isa = PBXFileReference; lastKnownFileType = sourcecode.cpp.h; path = BaseModel.hpp; sourceTree = "<group>"; };
		59F5D160207C3A7400E961CE /* Project.cpp */ = {isa = PBXFileReference; lastKnownFileType = sourcecode.cpp.cpp; path = Project.cpp; sourceTree = "<group>"; };
		59F5D161207C3A7400E961CE /* Project.hpp */ = {isa = PBXFileReference; lastKnownFileType = sourcecode.cpp.h; path = Project.hpp; sourceTree = "<group>"; };
		59F5D167207C56A100E961CE /* rest.sqlite */ = {isa = PBXFileReference; lastKnownFileType = file; path = rest.sqlite; sourceTree = "<group>"; };
		59F5D16C207C6D0500E961CE /* Path.cpp */ = {isa = PBXFileReference; lastKnownFileType = sourcecode.cpp.cpp; path = Path.cpp; sourceTree = "<group>"; };
		59F5D16D207C6D0500E961CE /* Path.hpp */ = {isa = PBXFileReference; lastKnownFileType = sourcecode.cpp.h; path = Path.hpp; sourceTree = "<group>"; };
		59F5D178207CAEDE00E961CE /* RequestPopupController.h */ = {isa = PBXFileReference; lastKnownFileType = sourcecode.c.h; path = RequestPopupController.h; sourceTree = "<group>"; };
		59F5D179207CAEDE00E961CE /* RequestPopupController.mm */ = {isa = PBXFileReference; lastKnownFileType = sourcecode.cpp.objcpp; path = RequestPopupController.mm; sourceTree = "<group>"; };
		59F5D17A207CAEDE00E961CE /* RequestPopupController.xib */ = {isa = PBXFileReference; lastKnownFileType = file.xib; path = RequestPopupController.xib; sourceTree = "<group>"; };
		59F5D17D207CCCF800E961CE /* TypeRequestCell.h */ = {isa = PBXFileReference; lastKnownFileType = sourcecode.c.h; path = TypeRequestCell.h; sourceTree = "<group>"; };
		59F5D17E207CCCF800E961CE /* TypeRequestCell.m */ = {isa = PBXFileReference; lastKnownFileType = sourcecode.c.objc; path = TypeRequestCell.m; sourceTree = "<group>"; };
		59F5D17F207CCCF800E961CE /* TypeRequestCell.xib */ = {isa = PBXFileReference; lastKnownFileType = file.xib; path = TypeRequestCell.xib; sourceTree = "<group>"; };
		59F5D183207CE38500E961CE /* GeneralModel.h */ = {isa = PBXFileReference; lastKnownFileType = sourcecode.c.h; path = GeneralModel.h; sourceTree = "<group>"; };
		59F5D185207D0A6400E961CE /* Param.cpp */ = {isa = PBXFileReference; lastKnownFileType = sourcecode.cpp.cpp; path = Param.cpp; sourceTree = "<group>"; };
		59F5D186207D0A6400E961CE /* Param.hpp */ = {isa = PBXFileReference; lastKnownFileType = sourcecode.cpp.h; path = Param.hpp; sourceTree = "<group>"; };
		F67867D9676B7DADC8065347 /* libPods-KoloBoot.a */ = {isa = PBXFileReference; explicitFileType = archive.ar; includeInIndex = 0; path = "libPods-KoloBoot.a"; sourceTree = BUILT_PRODUCTS_DIR; };
/* End PBXFileReference section */

/* Begin PBXFrameworksBuildPhase section */
		59E04D8F206FFD9E00AB5C2B /* Frameworks */ = {
			isa = PBXFrameworksBuildPhase;
			buildActionMask = 2147483647;
			files = (
				59F5D14C207B546500E961CE /* libsqlite3.0.tbd in Frameworks */,
				59F5D12B207A386200E961CE /* MobileCoreServices.framework in Frameworks */,
				59F51AF420738E5B004AFBE3 /* libz.tbd in Frameworks */,
				59F51AEF20738E04004AFBE3 /* libcrypto.a in Frameworks */,
				59F51AF020738E04004AFBE3 /* libnghttp2.a in Frameworks */,
				59F51AF120738E04004AFBE3 /* libssl.a in Frameworks */,
				59F51AF220738E04004AFBE3 /* libcurl.a in Frameworks */,
				1519A3B5481A50DFA8367093 /* libPods-KoloBoot.a in Frameworks */,
			);
			runOnlyForDeploymentPostprocessing = 0;
		};
/* End PBXFrameworksBuildPhase section */

/* Begin PBXGroup section */
		598A6884207DC761001F5918 /* TableHome */ = {
			isa = PBXGroup;
			children = (
				598A6885207DC7FA001F5918 /* ProjectSectionHeaderCell.h */,
				598A6886207DC7FA001F5918 /* ProjectSectionHeaderCell.m */,
				598A6887207DC7FA001F5918 /* ProjectSectionHeaderCell.xib */,
				598A688F207DD6D4001F5918 /* PathCell.h */,
				598A688B207DD1F1001F5918 /* PathCell.m */,
				598A688C207DD1F1001F5918 /* PathCell.xib */,
			);
			path = TableHome;
			sourceTree = "<group>";
		};
		598A6890207DDCDA001F5918 /* Protocol */ = {
			isa = PBXGroup;
			children = (
				598A6891207DDCF6001F5918 /* HomeProtocol.h */,
				59BA8581207FA06600F58EBF /* QueryParamProtocol.h */,
			);
			path = Protocol;
			sourceTree = "<group>";
		};
		598A6895207F0A7D001F5918 /* Request */ = {
			isa = PBXGroup;
			children = (
				598A689B207F1D8D001F5918 /* Pege */,
				598A6896207F0AA1001F5918 /* RequestController.h */,
				598A6897207F0AA1001F5918 /* RequestController.mm */,
				598A6898207F0AA1001F5918 /* RequestController.xib */,
			);
			path = Request;
			sourceTree = "<group>";
		};
		598A689B207F1D8D001F5918 /* Pege */ = {
			isa = PBXGroup;
			children = (
				59BA8571207F8EDB00F58EBF /* TableComponent */,
				598A68C3207F38C2001F5918 /* PageViewResponse */,
				598A68A8207F2A0E001F5918 /* PageViewRequest */,
				598A689C207F1DFB001F5918 /* PageRequestController.h */,
				598A689D207F1DFB001F5918 /* PageRequestController.mm */,
				598A689E207F1DFB001F5918 /* PageRequestController.xib */,
				598A68C4207F38F0001F5918 /* PageResponseController.h */,
				598A68C5207F38F0001F5918 /* PageResponseController.mm */,
				598A68C6207F38F0001F5918 /* PageResponseController.xib */,
				598A68C9207F3C83001F5918 /* BasePageController.h */,
				598A68CA207F3C83001F5918 /* BasePageController.mm */,
			);
			path = Pege;
			sourceTree = "<group>";
		};
		598A68A8207F2A0E001F5918 /* PageViewRequest */ = {
			isa = PBXGroup;
			children = (
				598A68A9207F2AA3001F5918 /* TopView.h */,
				598A68AA207F2AA3001F5918 /* TopView.m */,
				598A68AC207F2ABC001F5918 /* TopView.xib */,
				598A68B4207F328F001F5918 /* QueryParamView.h */,
				598A68B5207F328F001F5918 /* QueryParamView.mm */,
				598A68B7207F32AA001F5918 /* QueryParamView.xib */,
				598A68B9207F3322001F5918 /* HeadersView.h */,
				598A68BA207F3322001F5918 /* HeadersView.mm */,
				598A68BC207F3346001F5918 /* HeadersView.xib */,
				598A68BE207F3389001F5918 /* AuthorizationView.h */,
				598A68BF207F3389001F5918 /* AuthorizationView.m */,
				598A68C1207F3397001F5918 /* AuthorizationView.xib */,
			);
			path = PageViewRequest;
			sourceTree = "<group>";
		};
		598A68C3207F38C2001F5918 /* PageViewResponse */ = {
			isa = PBXGroup;
			children = (
				598A68CC207F407D001F5918 /* TopResView.h */,
				598A68CD207F407D001F5918 /* TopResView.m */,
				598A68CF207F408A001F5918 /* TopResView.xib */,
				598A68D1207F419E001F5918 /* ResponseView.h */,
				598A68D2207F419E001F5918 /* ResponseView.m */,
				598A68D4207F41AB001F5918 /* ResponseView.xib */,
				598A68D6207F41CC001F5918 /* ResponseHeaderView.h */,
				598A68D7207F41CC001F5918 /* ResponseHeaderView.m */,
				598A68D9207F41D9001F5918 /* ResponseHeaderView.xib */,
			);
			path = PageViewResponse;
			sourceTree = "<group>";
		};
		59BA8571207F8EDB00F58EBF /* TableComponent */ = {
			isa = PBXGroup;
			children = (
				59BA8572207F8F1900F58EBF /* FooterCell.h */,
				59BA8573207F8F1900F58EBF /* FooterCell.m */,
				59BA8574207F8F1900F58EBF /* FooterCell.xib */,
				59BA8577207F907200F58EBF /* HeaderCell.h */,
				59BA8578207F907200F58EBF /* HeaderCell.m */,
				59BA8579207F907200F58EBF /* HeaderCell.xib */,
				59BA857C207F934200F58EBF /* QueryParamCell.h */,
				59BA857D207F934200F58EBF /* QueryParamCell.m */,
				59BA857E207F934200F58EBF /* QueryParamCell.xib */,
			);
			path = TableComponent;
			sourceTree = "<group>";
		};
		59BA8582208018F700F58EBF /* MZFormSheetPresentationController */ = {
			isa = PBXGroup;
			children = (
				59BA8583208018F700F58EBF /* MZFormSheetPresentationViewControllerAnimator.m */,
				59BA8584208018F700F58EBF /* MZFormSheetPresentationViewControllerSegue.h */,
				59BA8585208018F700F58EBF /* MZFormSheetPresentationController.h */,
				59BA8586208018F700F58EBF /* MZFormSheetPresentationViewControllerInteractiveAnimator.m */,
				59BA8587208018F700F58EBF /* MZFormSheetContentSizingNavigationControllerAnimator.m */,
				59BA8588208018F700F58EBF /* MZFormSheetPresentationViewControllerInteractiveTransitioning.h */,
				59BA8589208018F700F58EBF /* MZBlurEffectAdapter.h */,
				59BA858A208018F700F58EBF /* MZTransition.h */,
				59BA858B208018F700F58EBF /* MZMethodSwizzler.m */,
				59BA858C208018F700F58EBF /* MZFormSheetPresentationViewController.m */,
				59BA858D208018F700F58EBF /* MZFormSheetPresentationContentSizing.h */,
				59BA858E208018F700F58EBF /* UIViewController+TargetViewController.m */,
				59BA858F208018F700F58EBF /* MZFormSheetContentSizingNavigationController.h */,
				59BA8590208018F700F58EBF /* MZFormSheetPresentationController-Bridging-Header.h */,
				59BA8591208018F700F58EBF /* MZFormSheetPresentationController.m */,
				59BA8592208018F700F58EBF /* MZFormSheetPresentationViewControllerSegue.m */,
				59BA8593208018F700F58EBF /* MZFormSheetPresentationViewControllerAnimator.h */,
				59BA8594208018F700F58EBF /* MZFormSheetPresentationViewControllerAnimatedTransitioning.h */,
				59BA8595208018F700F58EBF /* MZTransition.m */,
				59BA8596208018F700F58EBF /* MZBlurEffectAdapter.m */,
				59BA8597208018F700F58EBF /* MZFormSheetContentSizingNavigationControllerAnimator.h */,
				59BA8598208018F700F58EBF /* MZFormSheetPresentationViewControllerInteractiveAnimator.h */,
				59BA8599208018F700F58EBF /* MZFormSheetContentSizingNavigationController.m */,
				59BA859A208018F700F58EBF /* UIViewController+TargetViewController.h */,
				59BA859B208018F700F58EBF /* MZFormSheetPresentationViewController.h */,
				59BA859C208018F700F58EBF /* MZMethodSwizzler.h */,
			);
			path = MZFormSheetPresentationController;
			sourceTree = "<group>";
		};
		59BA85AA20802BA900F58EBF /* Input Param */ = {
			isa = PBXGroup;
			children = (
				59BA85AE20802BF900F58EBF /* InputParamController.h */,
				59BA85AF20802BF900F58EBF /* InputParamController.mm */,
			);
			path = "Input Param";
			sourceTree = "<group>";
		};
		59BA85BB2080610E00F58EBF /* UICollectionView */ = {
			isa = PBXGroup;
			children = (
				59BA85E42080E4A200F58EBF /* Library */,
			);
			path = UICollectionView;
			sourceTree = "<group>";
		};
		59BA85E42080E4A200F58EBF /* Library */ = {
			isa = PBXGroup;
			children = (
				59BA85E52080E4A200F58EBF /* IGAutoCompletionToolbarLayout.h */,
				59BA85E62080E4A200F58EBF /* IGAutoCompletionToolbar.h */,
				59BA85E72080E4A200F58EBF /* IGAutoCompletionToolbarCell.h */,
				59BA85E82080E4A200F58EBF /* IGAutoCompletionToolbar.m */,
				59BA85E92080E4A200F58EBF /* IGAutoCompletionToolbarLayout.m */,
				59BA85EA2080E4A200F58EBF /* IGAutoCompletionToolbarCell.m */,
			);
			path = Library;
			sourceTree = "<group>";
		};
		59E04D89206FFD9E00AB5C2B = {
			isa = PBXGroup;
			children = (
				59F51AD4207385E6004AFBE3 /* Frameworks */,
				59E04D94206FFD9E00AB5C2B /* KoloBoot */,
				59E04D93206FFD9E00AB5C2B /* Products */,
				8293D06B07D754DEBC785A84 /* Pods */,
			);
			sourceTree = "<group>";
		};
		59E04D93206FFD9E00AB5C2B /* Products */ = {
			isa = PBXGroup;
			children = (
				59E04D92206FFD9E00AB5C2B /* KoloBoot.app */,
			);
			name = Products;
			sourceTree = "<group>";
		};
		59E04D94206FFD9E00AB5C2B /* KoloBoot */ = {
			isa = PBXGroup;
			children = (
				598A6890207DDCDA001F5918 /* Protocol */,
				59F5D15C207C37A200E961CE /* Model */,
				59F51B3020747424004AFBE3 /* Controller */,
				59F51B21207459AA004AFBE3 /* Custom */,
				59F51AFF20738F53004AFBE3 /* Helper */,
				59F51AEA20738CFD004AFBE3 /* Library */,
				59E04D95206FFD9E00AB5C2B /* AppDelegate.h */,
				59E04D96206FFD9E00AB5C2B /* AppDelegate.mm */,
				59E04D9B206FFD9E00AB5C2B /* Main.storyboard */,
				59E04D9E206FFD9E00AB5C2B /* Assets.xcassets */,
				59E04DA0206FFD9E00AB5C2B /* LaunchScreen.storyboard */,
				59E04DA3206FFD9E00AB5C2B /* Info.plist */,
				59F5D167207C56A100E961CE /* rest.sqlite */,
				59F51B1B2074565D004AFBE3 /* GoogleService-Info.plist */,
				59E04DA4206FFD9E00AB5C2B /* main.m */,
			);
			path = KoloBoot;
			sourceTree = "<group>";
		};
		59F51AD4207385E6004AFBE3 /* Frameworks */ = {
			isa = PBXGroup;
			children = (
				59F5D14B207B546400E961CE /* libsqlite3.0.tbd */,
				59F5D12A207A386200E961CE /* MobileCoreServices.framework */,
				59F51AF320738E5A004AFBE3 /* libz.tbd */,
				59F51AEB20738E03004AFBE3 /* libcrypto.a */,
				59F51AEE20738E04004AFBE3 /* libcurl.a */,
				59F51AEC20738E04004AFBE3 /* libnghttp2.a */,
				59F51AED20738E04004AFBE3 /* libssl.a */,
				F67867D9676B7DADC8065347 /* libPods-KoloBoot.a */,
			);
			path = Frameworks;
			sourceTree = "<group>";
		};
		59F51AD920738CF1004AFBE3 /* RestClientCpp */ = {
			isa = PBXGroup;
			children = (
				59F51ADA20738CF1004AFBE3 /* connection.h */,
				59F51ADB20738CF1004AFBE3 /* restclient.h */,
				59F51ADC20738CF1004AFBE3 /* version.h */,
				59F51ADD20738CF1004AFBE3 /* restclient.cc */,
				59F51ADE20738CF1004AFBE3 /* helpers.cc */,
				59F51ADF20738CF1004AFBE3 /* connection.cc */,
				59F51AE020738CF1004AFBE3 /* helpers.h */,
			);
			path = RestClientCpp;
			sourceTree = "<group>";
		};
		59F51AE420738CFA004AFBE3 /* jsoncpp */ = {
			isa = PBXGroup;
			children = (
				59F51AE520738CFA004AFBE3 /* json */,
				59F51AE820738CFA004AFBE3 /* jsoncpp.cpp */,
			);
			path = jsoncpp;
			sourceTree = "<group>";
		};
		59F51AE520738CFA004AFBE3 /* json */ = {
			isa = PBXGroup;
			children = (
				59F51AE620738CFA004AFBE3 /* json-forwards.h */,
				59F51AE720738CFA004AFBE3 /* json.h */,
			);
			path = json;
			sourceTree = "<group>";
		};
		59F51AEA20738CFD004AFBE3 /* Library */ = {
			isa = PBXGroup;
			children = (
				59BA8582208018F700F58EBF /* MZFormSheetPresentationController */,
				59F5D132207ABD0500E961CE /* SqliteLib */,
				59F5D10F20799B8800E961CE /* TWMessageBarManager */,
				59F5D10520799B7A00E961CE /* JDStatusBarNotification */,
				59F51B29207470F6004AFBE3 /* WYPopoverController */,
				59F51AE420738CFA004AFBE3 /* jsoncpp */,
				59F51AD920738CF1004AFBE3 /* RestClientCpp */,
			);
			path = Library;
			sourceTree = "<group>";
		};
		59F51AFF20738F53004AFBE3 /* Helper */ = {
			isa = PBXGroup;
			children = (
				59F51B0020738F5B004AFBE3 /* helper_oncpp.cc */,
				59F51B0120738F5B004AFBE3 /* helper_oncpp.h */,
				59F51B1820744FDF004AFBE3 /* helper_onc.h */,
				59F51B1920744FDF004AFBE3 /* helper_onc.c */,
				59F5D159207BC51300E961CE /* DBManager.cpp */,
				59F5D15A207BC51300E961CE /* DBManager.hpp */,
				598A6892207E135D001F5918 /* Utils.h */,
				598A6893207E135D001F5918 /* Utils.mm */,
				59BA86502082CDAF00F58EBF /* vector_view.cpp */,
				59BA86512082CDAF00F58EBF /* vector_view.hpp */,
			);
			path = Helper;
			sourceTree = "<group>";
		};
		59F51B21207459AA004AFBE3 /* Custom */ = {
			isa = PBXGroup;
			children = (
				59BA85BB2080610E00F58EBF /* UICollectionView */,
				59F5D101207992BF00E961CE /* Class */,
				59F51B22207459B4004AFBE3 /* UIView */,
			);
			path = Custom;
			sourceTree = "<group>";
		};
		59F51B22207459B4004AFBE3 /* UIView */ = {
			isa = PBXGroup;
			children = (
				59F5D1202079E1FE00E961CE /* ProgressView.h */,
				59F5D1212079E1FE00E961CE /* ProgressView.m */,
			);
			path = UIView;
			sourceTree = "<group>";
		};
		59F51B29207470F6004AFBE3 /* WYPopoverController */ = {
			isa = PBXGroup;
			children = (
				59F51B2A207470F6004AFBE3 /* WYStoryboardPopoverSegue.m */,
				59F51B2B207470F6004AFBE3 /* WYPopoverController.h */,
				59F51B2C207470F6004AFBE3 /* WYStoryboardPopoverSegue.h */,
				59F51B2D207470F6004AFBE3 /* WYPopoverController.m */,
			);
			path = WYPopoverController;
			sourceTree = "<group>";
		};
		59F51B3020747424004AFBE3 /* Controller */ = {
			isa = PBXGroup;
			children = (
				59BA85AA20802BA900F58EBF /* Input Param */,
				598A6895207F0A7D001F5918 /* Request */,
				59F5D16F207C936900E961CE /* Popup Data */,
				59F5D124207A044D00E961CE /* Path */,
				59F51B3520747DD4004AFBE3 /* Home */,
				59F51B312074742B004AFBE3 /* Create Project */,
			);
			path = Controller;
			sourceTree = "<group>";
		};
		59F51B312074742B004AFBE3 /* Create Project */ = {
			isa = PBXGroup;
			children = (
				59F51B3220747455004AFBE3 /* CreateProjectController.h */,
				59F51B3320747455004AFBE3 /* CreateProjectController.mm */,
			);
			path = "Create Project";
			sourceTree = "<group>";
		};
		59F51B3520747DD4004AFBE3 /* Home */ = {
			isa = PBXGroup;
			children = (
				598A6884207DC761001F5918 /* TableHome */,
				59E04D98206FFD9E00AB5C2B /* ViewController.h */,
				59E04D99206FFD9E00AB5C2B /* ViewController.mm */,
			);
			path = Home;
			sourceTree = "<group>";
		};
		59F5D101207992BF00E961CE /* Class */ = {
			isa = PBXGroup;
			children = (
				59F5D102207992D800E961CE /* NSString+CppStr.h */,
				59F5D103207992D800E961CE /* NSString+CppStr.mm */,
				59BA85B420803FE100F58EBF /* UITextField+Extended.h */,
				59BA85B520803FE100F58EBF /* UITextField+Extended.m */,
				59BA85C920808DCD00F58EBF /* UILabel+Extended.h */,
				59BA85CA20808DCD00F58EBF /* UILabel+Extended.m */,
			);
			path = Class;
			sourceTree = "<group>";
		};
		59F5D10520799B7A00E961CE /* JDStatusBarNotification */ = {
			isa = PBXGroup;
			children = (
				59F5D10620799B7A00E961CE /* JDStatusBarNotification.m */,
				59F5D10720799B7A00E961CE /* JDStatusBarStyle.h */,
				59F5D10820799B7A00E961CE /* JDStatusBarView.m */,
				59F5D10920799B7A00E961CE /* JDStatusBarNotification.h */,
				59F5D10A20799B7A00E961CE /* JDStatusBarView.h */,
				59F5D10B20799B7A00E961CE /* JDStatusBarStyle.m */,
			);
			path = JDStatusBarNotification;
			sourceTree = "<group>";
		};
		59F5D10F20799B8800E961CE /* TWMessageBarManager */ = {
			isa = PBXGroup;
			children = (
				59F5D11020799B8800E961CE /* TWMessageBarManager.m */,
				59F5D11120799B8800E961CE /* Icons */,
				59F5D11820799B8800E961CE /* TWMessageBarManager.h */,
			);
			path = TWMessageBarManager;
			sourceTree = "<group>";
		};
		59F5D11120799B8800E961CE /* Icons */ = {
			isa = PBXGroup;
			children = (
				59F5D11220799B8800E961CE /* icon-info@2x.png */,
				59F5D11320799B8800E961CE /* icon-error.png */,
				59F5D11420799B8800E961CE /* icon-info.png */,
				59F5D11520799B8800E961CE /* icon-success@2x.png */,
				59F5D11620799B8800E961CE /* icon-error@2x.png */,
				59F5D11720799B8800E961CE /* icon-success.png */,
			);
			path = Icons;
			sourceTree = "<group>";
		};
		59F5D124207A044D00E961CE /* Path */ = {
			isa = PBXGroup;
			children = (
				59F5D125207A046800E961CE /* PathController.h */,
				59F5D126207A046800E961CE /* PathController.mm */,
			);
			path = Path;
			sourceTree = "<group>";
		};
		59F5D132207ABD0500E961CE /* SqliteLib */ = {
			isa = PBXGroup;
			children = (
				59F5D139207ABE1B00E961CE /* Exception.cpp */,
				59F5D13A207ABE1B00E961CE /* Exception.h */,
				59F5D13D207ACC3300E961CE /* Assertion.h */,
				59F5D13F207AD96500E961CE /* Statement.cpp */,
				59F5D140207AD96500E961CE /* Statement.h */,
				59F5D142207B09C600E961CE /* Column.cpp */,
				59F5D143207B09C600E961CE /* Column.h */,
				59F5D146207B1CF100E961CE /* Utils.h */,
				59F5D148207B1EAC00E961CE /* Database.cpp */,
				59F5D149207B1EAC00E961CE /* Database.h */,
				59F5D14D207B555C00E961CE /* Transaction.cpp */,
				59F5D14E207B555C00E961CE /* Transaction.h */,
				59F5D151207B6DE000E961CE /* VariadicBind.h */,
				59F5D153207B85F500E961CE /* Backup.cpp */,
				59F5D154207B85F500E961CE /* Backup.h */,
				59F5D157207B87F300E961CE /* SQLiteCpp.h */,
			);
			path = SqliteLib;
			sourceTree = "<group>";
		};
		59F5D15C207C37A200E961CE /* Model */ = {
			isa = PBXGroup;
			children = (
				59F5D15D207C37E300E961CE /* BaseModel.cpp */,
				59F5D15E207C37E300E961CE /* BaseModel.hpp */,
				59F5D160207C3A7400E961CE /* Project.cpp */,
				59F5D161207C3A7400E961CE /* Project.hpp */,
				59F5D16C207C6D0500E961CE /* Path.cpp */,
				59F5D16D207C6D0500E961CE /* Path.hpp */,
				59F5D183207CE38500E961CE /* GeneralModel.h */,
				59F5D185207D0A6400E961CE /* Param.cpp */,
				59F5D186207D0A6400E961CE /* Param.hpp */,
				59BA863A2081B67B00F58EBF /* Auth.cpp */,
				59BA863B2081B67B00F58EBF /* Auth.hpp */,
			);
			path = Model;
			sourceTree = "<group>";
		};
		59F5D16F207C936900E961CE /* Popup Data */ = {
			isa = PBXGroup;
			children = (
				59F5D178207CAEDE00E961CE /* RequestPopupController.h */,
				59F5D179207CAEDE00E961CE /* RequestPopupController.mm */,
				59F5D17A207CAEDE00E961CE /* RequestPopupController.xib */,
				59F5D17D207CCCF800E961CE /* TypeRequestCell.h */,
				59F5D17E207CCCF800E961CE /* TypeRequestCell.m */,
				59F5D17F207CCCF800E961CE /* TypeRequestCell.xib */,
			);
			path = "Popup Data";
			sourceTree = "<group>";
		};
		8293D06B07D754DEBC785A84 /* Pods */ = {
			isa = PBXGroup;
			children = (
				23FBFE2418DFF8B808F21824 /* Pods-KoloBoot.debug.xcconfig */,
				43BA6EFDC29602E0D81183BA /* Pods-KoloBoot.release.xcconfig */,
			);
			name = Pods;
			sourceTree = "<group>";
		};
/* End PBXGroup section */

/* Begin PBXNativeTarget section */
		59E04D91206FFD9E00AB5C2B /* KoloBoot */ = {
			isa = PBXNativeTarget;
			buildConfigurationList = 59E04DA8206FFD9E00AB5C2B /* Build configuration list for PBXNativeTarget "KoloBoot" */;
			buildPhases = (
				87EE5CEB881FAEB309536DA3 /* [CP] Check Pods Manifest.lock */,
				59E04D8E206FFD9E00AB5C2B /* Sources */,
				59E04D8F206FFD9E00AB5C2B /* Frameworks */,
				59E04D90206FFD9E00AB5C2B /* Resources */,
				CF8235E8A83A6A680CC982F5 /* [CP] Embed Pods Frameworks */,
				EF3180497F2BC55F8B8B427E /* [CP] Copy Pods Resources */,
			);
			buildRules = (
			);
			dependencies = (
			);
			name = KoloBoot;
			productName = KoloBoot;
			productReference = 59E04D92206FFD9E00AB5C2B /* KoloBoot.app */;
			productType = "com.apple.product-type.application";
		};
/* End PBXNativeTarget section */

/* Begin PBXProject section */
		59E04D8A206FFD9E00AB5C2B /* Project object */ = {
			isa = PBXProject;
			attributes = {
				LastUpgradeCheck = 0920;
				ORGANIZATIONNAME = "Abu Muhammad";
				TargetAttributes = {
					59E04D91206FFD9E00AB5C2B = {
						CreatedOnToolsVersion = 9.2;
						ProvisioningStyle = Automatic;
					};
				};
			};
			buildConfigurationList = 59E04D8D206FFD9E00AB5C2B /* Build configuration list for PBXProject "KoloBoot" */;
			compatibilityVersion = "Xcode 8.0";
			developmentRegion = en;
			hasScannedForEncodings = 0;
			knownRegions = (
				en,
				Base,
			);
			mainGroup = 59E04D89206FFD9E00AB5C2B;
			productRefGroup = 59E04D93206FFD9E00AB5C2B /* Products */;
			projectDirPath = "";
			projectRoot = "";
			targets = (
				59E04D91206FFD9E00AB5C2B /* KoloBoot */,
			);
		};
/* End PBXProject section */

/* Begin PBXResourcesBuildPhase section */
		59E04D90206FFD9E00AB5C2B /* Resources */ = {
			isa = PBXResourcesBuildPhase;
			buildActionMask = 2147483647;
			files = (
				59E04DA2206FFD9E00AB5C2B /* LaunchScreen.storyboard in Resources */,
				59F5D181207CCCF800E961CE /* TypeRequestCell.xib in Resources */,
				59BA8580207F934200F58EBF /* QueryParamCell.xib in Resources */,
				59F5D11C20799B8800E961CE /* icon-info.png in Resources */,
				598A689A207F0AA1001F5918 /* RequestController.xib in Resources */,
				598A68C2207F3397001F5918 /* AuthorizationView.xib in Resources */,
				598A68C8207F38F0001F5918 /* PageResponseController.xib in Resources */,
				59F5D11E20799B8800E961CE /* icon-error@2x.png in Resources */,
				59E04D9F206FFD9E00AB5C2B /* Assets.xcassets in Resources */,
				59F5D17C207CAEDE00E961CE /* RequestPopupController.xib in Resources */,
				59F5D11F20799B8800E961CE /* icon-success.png in Resources */,
				59F51B1C2074565D004AFBE3 /* GoogleService-Info.plist in Resources */,
				598A68A0207F1DFB001F5918 /* PageRequestController.xib in Resources */,
				59BA8576207F8F1900F58EBF /* FooterCell.xib in Resources */,
				598A688E207DD1F1001F5918 /* PathCell.xib in Resources */,
				59F5D11B20799B8800E961CE /* icon-error.png in Resources */,
				598A68B8207F32AA001F5918 /* QueryParamView.xib in Resources */,
				598A68AD207F2ABC001F5918 /* TopView.xib in Resources */,
				59E04D9D206FFD9E00AB5C2B /* Main.storyboard in Resources */,
				598A6889207DC7FA001F5918 /* ProjectSectionHeaderCell.xib in Resources */,
				59F5D168207C56A100E961CE /* rest.sqlite in Resources */,
				598A68D5207F41AB001F5918 /* ResponseView.xib in Resources */,
				598A68D0207F408A001F5918 /* TopResView.xib in Resources */,
				59F5D11A20799B8800E961CE /* icon-info@2x.png in Resources */,
				598A68DA207F41D9001F5918 /* ResponseHeaderView.xib in Resources */,
				59F5D11D20799B8800E961CE /* icon-success@2x.png in Resources */,
				59BA857B207F907200F58EBF /* HeaderCell.xib in Resources */,
				598A68BD207F3346001F5918 /* HeadersView.xib in Resources */,
			);
			runOnlyForDeploymentPostprocessing = 0;
		};
/* End PBXResourcesBuildPhase section */

/* Begin PBXShellScriptBuildPhase section */
		87EE5CEB881FAEB309536DA3 /* [CP] Check Pods Manifest.lock */ = {
			isa = PBXShellScriptBuildPhase;
			buildActionMask = 2147483647;
			files = (
			);
			inputPaths = (
				"${PODS_PODFILE_DIR_PATH}/Podfile.lock",
				"${PODS_ROOT}/Manifest.lock",
			);
			name = "[CP] Check Pods Manifest.lock";
			outputPaths = (
				"$(DERIVED_FILE_DIR)/Pods-KoloBoot-checkManifestLockResult.txt",
			);
			runOnlyForDeploymentPostprocessing = 0;
			shellPath = /bin/sh;
			shellScript = "diff \"${PODS_PODFILE_DIR_PATH}/Podfile.lock\" \"${PODS_ROOT}/Manifest.lock\" > /dev/null\nif [ $? != 0 ] ; then\n    # print error to STDERR\n    echo \"error: The sandbox is not in sync with the Podfile.lock. Run 'pod install' or update your CocoaPods installation.\" >&2\n    exit 1\nfi\n# This output is used by Xcode 'outputs' to avoid re-running this script phase.\necho \"SUCCESS\" > \"${SCRIPT_OUTPUT_FILE_0}\"\n";
			showEnvVarsInLog = 0;
		};
		CF8235E8A83A6A680CC982F5 /* [CP] Embed Pods Frameworks */ = {
			isa = PBXShellScriptBuildPhase;
			buildActionMask = 2147483647;
			files = (
			);
			inputPaths = (
			);
			name = "[CP] Embed Pods Frameworks";
			outputPaths = (
			);
			runOnlyForDeploymentPostprocessing = 0;
			shellPath = /bin/sh;
			shellScript = "\"${SRCROOT}/Pods/Target Support Files/Pods-KoloBoot/Pods-KoloBoot-frameworks.sh\"\n";
			showEnvVarsInLog = 0;
		};
		EF3180497F2BC55F8B8B427E /* [CP] Copy Pods Resources */ = {
			isa = PBXShellScriptBuildPhase;
			buildActionMask = 2147483647;
			files = (
			);
			inputPaths = (
			);
			name = "[CP] Copy Pods Resources";
			outputPaths = (
			);
			runOnlyForDeploymentPostprocessing = 0;
			shellPath = /bin/sh;
			shellScript = "\"${SRCROOT}/Pods/Target Support Files/Pods-KoloBoot/Pods-KoloBoot-resources.sh\"\n";
			showEnvVarsInLog = 0;
		};
/* End PBXShellScriptBuildPhase section */

/* Begin PBXSourcesBuildPhase section */
		59E04D8E206FFD9E00AB5C2B /* Sources */ = {
			isa = PBXSourcesBuildPhase;
			buildActionMask = 2147483647;
			files = (
				59F51B2E207470F6004AFBE3 /* WYStoryboardPopoverSegue.m in Sources */,
				598A689F207F1DFB001F5918 /* PageRequestController.mm in Sources */,
				59BA85A4208018F700F58EBF /* MZFormSheetPresentationController.m in Sources */,
				59BA85CB20808DCD00F58EBF /* UILabel+Extended.m in Sources */,
				59BA8575207F8F1900F58EBF /* FooterCell.m in Sources */,
				59F5D13B207ABE1B00E961CE /* Exception.cpp in Sources */,
				59F51B1A20744FDF004AFBE3 /* helper_onc.c in Sources */,
				59F5D141207AD96500E961CE /* Statement.cpp in Sources */,
				59E04D9A206FFD9E00AB5C2B /* ViewController.mm in Sources */,
				59BA85B020802BF900F58EBF /* InputParamController.mm in Sources */,
				59F51B2F207470F6004AFBE3 /* WYPopoverController.m in Sources */,
				59BA859F208018F700F58EBF /* MZFormSheetPresentationViewControllerInteractiveAnimator.m in Sources */,
				598A68C7207F38F0001F5918 /* PageResponseController.mm in Sources */,
				59F5D180207CCCF800E961CE /* TypeRequestCell.m in Sources */,
				598A688D207DD1F1001F5918 /* PathCell.m in Sources */,
				59F5D14F207B555C00E961CE /* Transaction.cpp in Sources */,
				59F51AE320738CF2004AFBE3 /* connection.cc in Sources */,
				598A68BB207F3322001F5918 /* HeadersView.mm in Sources */,
				59BA85EC2080E4A300F58EBF /* IGAutoCompletionToolbarLayout.m in Sources */,
				598A68D3207F419E001F5918 /* ResponseView.m in Sources */,
				598A68CE207F407D001F5918 /* TopResView.m in Sources */,
				59BA857A207F907200F58EBF /* HeaderCell.m in Sources */,
				59F5D144207B09C600E961CE /* Column.cpp in Sources */,
				59BA85A8208018F700F58EBF /* MZFormSheetContentSizingNavigationController.m in Sources */,
				59BA85A2208018F700F58EBF /* MZFormSheetPresentationViewController.m in Sources */,
				59BA859E208018F700F58EBF /* MZFormSheetPresentationViewControllerAnimator.m in Sources */,
				59F5D1222079E1FE00E961CE /* ProgressView.m in Sources */,
				59BA85A5208018F700F58EBF /* MZFormSheetPresentationViewControllerSegue.m in Sources */,
				598A68C0207F3389001F5918 /* AuthorizationView.m in Sources */,
				59F5D187207D0A6400E961CE /* Param.cpp in Sources */,
				59F5D10E20799B7A00E961CE /* JDStatusBarStyle.m in Sources */,
				59F5D162207C3A7400E961CE /* Project.cpp in Sources */,
				59BA85EB2080E4A300F58EBF /* IGAutoCompletionToolbar.m in Sources */,
				59E04DA5206FFD9E00AB5C2B /* main.m in Sources */,
				59F51AE220738CF2004AFBE3 /* helpers.cc in Sources */,
				59F5D17B207CAEDE00E961CE /* RequestPopupController.mm in Sources */,
				59F51B0220738F5C004AFBE3 /* helper_oncpp.cc in Sources */,
				598A68CB207F3C83001F5918 /* BasePageController.mm in Sources */,
				59F51AE120738CF2004AFBE3 /* restclient.cc in Sources */,
				59F5D10C20799B7A00E961CE /* JDStatusBarNotification.m in Sources */,
				59BA85A7208018F700F58EBF /* MZBlurEffectAdapter.m in Sources */,
				59BA857F207F934200F58EBF /* QueryParamCell.m in Sources */,
				59E04D97206FFD9E00AB5C2B /* AppDelegate.mm in Sources */,
				59BA85ED2080E4A300F58EBF /* IGAutoCompletionToolbarCell.m in Sources */,
				59F5D104207992D800E961CE /* NSString+CppStr.mm in Sources */,
				59BA85A0208018F700F58EBF /* MZFormSheetContentSizingNavigationControllerAnimator.m in Sources */,
				59F51AE920738CFA004AFBE3 /* jsoncpp.cpp in Sources */,
				598A68AB207F2AA3001F5918 /* TopView.m in Sources */,
				598A68B6207F328F001F5918 /* QueryParamView.mm in Sources */,
				598A68D8207F41CC001F5918 /* ResponseHeaderView.m in Sources */,
				59BA85A3208018F700F58EBF /* UIViewController+TargetViewController.m in Sources */,
				59F5D15B207BC51300E961CE /* DBManager.cpp in Sources */,
				59BA85B620803FE100F58EBF /* UITextField+Extended.m in Sources */,
				59F5D127207A046800E961CE /* PathController.mm in Sources */,
				59F5D11920799B8800E961CE /* TWMessageBarManager.m in Sources */,
				59BA85A6208018F700F58EBF /* MZTransition.m in Sources */,
				598A6899207F0AA1001F5918 /* RequestController.mm in Sources */,
				59F5D10D20799B7A00E961CE /* JDStatusBarView.m in Sources */,
				598A6888207DC7FA001F5918 /* ProjectSectionHeaderCell.m in Sources */,
				59BA863C2081B67B00F58EBF /* Auth.cpp in Sources */,
				59F5D16E207C6D0500E961CE /* Path.cpp in Sources */,
				59BA86522082CDAF00F58EBF /* vector_view.cpp in Sources */,
				59F5D14A207B1EAC00E961CE /* Database.cpp in Sources */,
				59F5D155207B85F500E961CE /* Backup.cpp in Sources */,
				59F51B3420747455004AFBE3 /* CreateProjectController.mm in Sources */,
				598A6894207E135D001F5918 /* Utils.mm in Sources */,
				59F5D15F207C37E300E961CE /* BaseModel.cpp in Sources */,
				59BA85A1208018F700F58EBF /* MZMethodSwizzler.m in Sources */,
			);
			runOnlyForDeploymentPostprocessing = 0;
		};
/* End PBXSourcesBuildPhase section */

/* Begin PBXVariantGroup section */
		59E04D9B206FFD9E00AB5C2B /* Main.storyboard */ = {
			isa = PBXVariantGroup;
			children = (
				59E04D9C206FFD9E00AB5C2B /* Base */,
			);
			name = Main.storyboard;
			sourceTree = "<group>";
		};
		59E04DA0206FFD9E00AB5C2B /* LaunchScreen.storyboard */ = {
			isa = PBXVariantGroup;
			children = (
				59E04DA1206FFD9E00AB5C2B /* Base */,
			);
			name = LaunchScreen.storyboard;
			sourceTree = "<group>";
		};
/* End PBXVariantGroup section */

/* Begin XCBuildConfiguration section */
		59E04DA6206FFD9E00AB5C2B /* Debug */ = {
			isa = XCBuildConfiguration;
			buildSettings = {
				ALWAYS_SEARCH_USER_PATHS = NO;
				CLANG_ANALYZER_NONNULL = YES;
				CLANG_ANALYZER_NUMBER_OBJECT_CONVERSION = YES_AGGRESSIVE;
				CLANG_CXX_LANGUAGE_STANDARD = "gnu++14";
				CLANG_CXX_LIBRARY = "libc++";
				CLANG_ENABLE_MODULES = YES;
				CLANG_ENABLE_OBJC_ARC = YES;
				CLANG_WARN_BLOCK_CAPTURE_AUTORELEASING = YES;
				CLANG_WARN_BOOL_CONVERSION = YES;
				CLANG_WARN_COMMA = YES;
				CLANG_WARN_CONSTANT_CONVERSION = YES;
				CLANG_WARN_DIRECT_OBJC_ISA_USAGE = YES_ERROR;
				CLANG_WARN_DOCUMENTATION_COMMENTS = YES;
				CLANG_WARN_EMPTY_BODY = YES;
				CLANG_WARN_ENUM_CONVERSION = YES;
				CLANG_WARN_INFINITE_RECURSION = YES;
				CLANG_WARN_INT_CONVERSION = YES;
				CLANG_WARN_NON_LITERAL_NULL_CONVERSION = YES;
				CLANG_WARN_OBJC_LITERAL_CONVERSION = YES;
				CLANG_WARN_OBJC_ROOT_CLASS = YES_ERROR;
				CLANG_WARN_RANGE_LOOP_ANALYSIS = YES;
				CLANG_WARN_STRICT_PROTOTYPES = YES;
				CLANG_WARN_SUSPICIOUS_MOVE = YES;
				CLANG_WARN_UNGUARDED_AVAILABILITY = YES_AGGRESSIVE;
				CLANG_WARN_UNREACHABLE_CODE = YES;
				CLANG_WARN__DUPLICATE_METHOD_MATCH = YES;
				CODE_SIGN_IDENTITY = "iPhone Developer";
				COPY_PHASE_STRIP = NO;
				DEBUG_INFORMATION_FORMAT = dwarf;
				ENABLE_STRICT_OBJC_MSGSEND = YES;
				ENABLE_TESTABILITY = YES;
				GCC_C_LANGUAGE_STANDARD = gnu11;
				GCC_DYNAMIC_NO_PIC = NO;
				GCC_NO_COMMON_BLOCKS = YES;
				GCC_OPTIMIZATION_LEVEL = 0;
				GCC_PREPROCESSOR_DEFINITIONS = (
					"DEBUG=1",
					"$(inherited)",
				);
				GCC_WARN_64_TO_32_BIT_CONVERSION = YES;
				GCC_WARN_ABOUT_RETURN_TYPE = YES_ERROR;
				GCC_WARN_UNDECLARED_SELECTOR = YES;
				GCC_WARN_UNINITIALIZED_AUTOS = YES_AGGRESSIVE;
				GCC_WARN_UNUSED_FUNCTION = YES;
				GCC_WARN_UNUSED_VARIABLE = YES;
				IPHONEOS_DEPLOYMENT_TARGET = 11.2;
				MTL_ENABLE_DEBUG_INFO = YES;
				ONLY_ACTIVE_ARCH = YES;
				SDKROOT = iphoneos;
			};
			name = Debug;
		};
		59E04DA7206FFD9E00AB5C2B /* Release */ = {
			isa = XCBuildConfiguration;
			buildSettings = {
				ALWAYS_SEARCH_USER_PATHS = NO;
				CLANG_ANALYZER_NONNULL = YES;
				CLANG_ANALYZER_NUMBER_OBJECT_CONVERSION = YES_AGGRESSIVE;
				CLANG_CXX_LANGUAGE_STANDARD = "gnu++14";
				CLANG_CXX_LIBRARY = "libc++";
				CLANG_ENABLE_MODULES = YES;
				CLANG_ENABLE_OBJC_ARC = YES;
				CLANG_WARN_BLOCK_CAPTURE_AUTORELEASING = YES;
				CLANG_WARN_BOOL_CONVERSION = YES;
				CLANG_WARN_COMMA = YES;
				CLANG_WARN_CONSTANT_CONVERSION = YES;
				CLANG_WARN_DIRECT_OBJC_ISA_USAGE = YES_ERROR;
				CLANG_WARN_DOCUMENTATION_COMMENTS = YES;
				CLANG_WARN_EMPTY_BODY = YES;
				CLANG_WARN_ENUM_CONVERSION = YES;
				CLANG_WARN_INFINITE_RECURSION = YES;
				CLANG_WARN_INT_CONVERSION = YES;
				CLANG_WARN_NON_LITERAL_NULL_CONVERSION = YES;
				CLANG_WARN_OBJC_LITERAL_CONVERSION = YES;
				CLANG_WARN_OBJC_ROOT_CLASS = YES_ERROR;
				CLANG_WARN_RANGE_LOOP_ANALYSIS = YES;
				CLANG_WARN_STRICT_PROTOTYPES = YES;
				CLANG_WARN_SUSPICIOUS_MOVE = YES;
				CLANG_WARN_UNGUARDED_AVAILABILITY = YES_AGGRESSIVE;
				CLANG_WARN_UNREACHABLE_CODE = YES;
				CLANG_WARN__DUPLICATE_METHOD_MATCH = YES;
				CODE_SIGN_IDENTITY = "iPhone Developer";
				COPY_PHASE_STRIP = NO;
				DEBUG_INFORMATION_FORMAT = "dwarf-with-dsym";
				ENABLE_NS_ASSERTIONS = NO;
				ENABLE_STRICT_OBJC_MSGSEND = YES;
				GCC_C_LANGUAGE_STANDARD = gnu11;
				GCC_NO_COMMON_BLOCKS = YES;
				GCC_WARN_64_TO_32_BIT_CONVERSION = YES;
				GCC_WARN_ABOUT_RETURN_TYPE = YES_ERROR;
				GCC_WARN_UNDECLARED_SELECTOR = YES;
				GCC_WARN_UNINITIALIZED_AUTOS = YES_AGGRESSIVE;
				GCC_WARN_UNUSED_FUNCTION = YES;
				GCC_WARN_UNUSED_VARIABLE = YES;
				IPHONEOS_DEPLOYMENT_TARGET = 11.2;
				MTL_ENABLE_DEBUG_INFO = NO;
				SDKROOT = iphoneos;
				VALIDATE_PRODUCT = YES;
			};
			name = Release;
		};
		59E04DA9206FFD9E00AB5C2B /* Debug */ = {
			isa = XCBuildConfiguration;
			baseConfigurationReference = 23FBFE2418DFF8B808F21824 /* Pods-KoloBoot.debug.xcconfig */;
			buildSettings = {
				ASSETCATALOG_COMPILER_APPICON_NAME = AppIcon;
				CODE_SIGN_STYLE = Automatic;
				DEVELOPMENT_TEAM = 8K7VZ336G5;
				FRAMEWORK_SEARCH_PATHS = (
					"$(inherited)",
					"$(PROJECT_DIR)/Frameworks",
				);
				HEADER_SEARCH_PATHS = (
					"$(inherited)",
					"$(PROJECT_DIR)/include",
				);
				INFOPLIST_FILE = KoloBoot/Info.plist;
				IPHONEOS_DEPLOYMENT_TARGET = 9.3;
				LD_RUNPATH_SEARCH_PATHS = "$(inherited) @executable_path/Frameworks";
				LIBRARY_SEARCH_PATHS = (
					"$(inherited)",
					"$(PROJECT_DIR)/libs",
					"$(PROJECT_DIR)/Frameworks",
				);
				OTHER_LDFLAGS = (
					"$(inherited)",
					"-ObjC",
					"-l\"ChameleonFramework\"",
					"-l\"MBProgressHUD\"",
					"-l\"c++\"",
					"-l\"icucore\"",
					"-l\"sqlite3\"",
					"-l\"z\"",
					"-framework",
					"\"CFNetwork\"",
					"-framework",
					"\"CoreGraphics\"",
					"-framework",
					"\"QuartzCore\"",
					"-framework",
					"\"Security\"",
					"-framework",
					"\"StoreKit\"",
					"-framework",
					"\"SystemConfiguration\"",
					"-framework",
					"\"UIKit\"",
				);
				PRODUCT_BUNDLE_IDENTIFIER = com.oasemedia.kamus;
				PRODUCT_NAME = "$(TARGET_NAME)";
				TARGETED_DEVICE_FAMILY = 1;
			};
			name = Debug;
		};
		59E04DAA206FFD9E00AB5C2B /* Release */ = {
			isa = XCBuildConfiguration;
			baseConfigurationReference = 43BA6EFDC29602E0D81183BA /* Pods-KoloBoot.release.xcconfig */;
			buildSettings = {
				ASSETCATALOG_COMPILER_APPICON_NAME = AppIcon;
				CODE_SIGN_STYLE = Automatic;
				DEVELOPMENT_TEAM = 8K7VZ336G5;
				FRAMEWORK_SEARCH_PATHS = (
					"$(inherited)",
					"$(PROJECT_DIR)/Frameworks",
				);
				HEADER_SEARCH_PATHS = (
					"$(inherited)",
					"$(PROJECT_DIR)/include",
				);
				INFOPLIST_FILE = KoloBoot/Info.plist;
				IPHONEOS_DEPLOYMENT_TARGET = 9.3;
				LD_RUNPATH_SEARCH_PATHS = "$(inherited) @executable_path/Frameworks";
				LIBRARY_SEARCH_PATHS = (
					"$(inherited)",
					"$(PROJECT_DIR)/libs",
					"$(PROJECT_DIR)/Frameworks",
				);
				OTHER_LDFLAGS = (
					"$(inherited)",
					"-ObjC",
					"-l\"ChameleonFramework\"",
					"-l\"MBProgressHUD\"",
					"-l\"c++\"",
					"-l\"icucore\"",
					"-l\"sqlite3\"",
					"-l\"z\"",
					"-framework",
					"\"CFNetwork\"",
					"-framework",
					"\"CoreGraphics\"",
					"-framework",
					"\"QuartzCore\"",
					"-framework",
					"\"Security\"",
					"-framework",
					"\"StoreKit\"",
					"-framework",
					"\"SystemConfiguration\"",
					"-framework",
					"\"UIKit\"",
				);
				PRODUCT_BUNDLE_IDENTIFIER = com.oasemedia.kamus;
				PRODUCT_NAME = "$(TARGET_NAME)";
				TARGETED_DEVICE_FAMILY = 1;
			};
			name = Release;
		};
/* End XCBuildConfiguration section */

/* Begin XCConfigurationList section */
		59E04D8D206FFD9E00AB5C2B /* Build configuration list for PBXProject "KoloBoot" */ = {
			isa = XCConfigurationList;
			buildConfigurations = (
				59E04DA6206FFD9E00AB5C2B /* Debug */,
				59E04DA7206FFD9E00AB5C2B /* Release */,
			);
			defaultConfigurationIsVisible = 0;
			defaultConfigurationName = Release;
		};
		59E04DA8206FFD9E00AB5C2B /* Build configuration list for PBXNativeTarget "KoloBoot" */ = {
			isa = XCConfigurationList;
			buildConfigurations = (
				59E04DA9206FFD9E00AB5C2B /* Debug */,
				59E04DAA206FFD9E00AB5C2B /* Release */,
			);
			defaultConfigurationIsVisible = 0;
			defaultConfigurationName = Release;
		};
/* End XCConfigurationList section */
	};
	rootObject = 59E04D8A206FFD9E00AB5C2B /* Project object */;
}
